// !$*UTF8*$!
{
	archiveVersion = 1;
	classes = {
	};
	objectVersion = 50;
	objects = {

/* Begin PBXBuildFile section */
		99C0A9AACAA3925612171FAD /* Pods_PerfilometroUITests.framework in Frameworks */ = {isa = PBXBuildFile; fileRef = 6F2A3EF3E036845976007B06 /* Pods_PerfilometroUITests.framework */; };
		A2CD5277983A2D68F8D02D0B /* Pods_PerfilometroTests.framework in Frameworks */ = {isa = PBXBuildFile; fileRef = A8062748D481F78E07458F56 /* Pods_PerfilometroTests.framework */; };
		AD36DD2622C8EAAA00374DCB /* SingleResultsTableViewController.swift in Sources */ = {isa = PBXBuildFile; fileRef = AD36DD2522C8EAAA00374DCB /* SingleResultsTableViewController.swift */; };
		AD36DD2822C93EB700374DCB /* AnimatedSwitch.swift in Sources */ = {isa = PBXBuildFile; fileRef = AD36DD2722C93EB700374DCB /* AnimatedSwitch.swift */; };
		AD750BA9226FEF8000140400 /* AppDelegate.swift in Sources */ = {isa = PBXBuildFile; fileRef = AD750BA8226FEF8000140400 /* AppDelegate.swift */; };
		AD750BB3226FEF8200140400 /* LaunchScreen.storyboard in Resources */ = {isa = PBXBuildFile; fileRef = AD750BB1226FEF8200140400 /* LaunchScreen.storyboard */; };
		AD750BBE226FEF8200140400 /* PerfilometroTests.swift in Sources */ = {isa = PBXBuildFile; fileRef = AD750BBD226FEF8200140400 /* PerfilometroTests.swift */; };
		AD750BC9226FEF8200140400 /* PerfilometroUITests.swift in Sources */ = {isa = PBXBuildFile; fileRef = AD750BC8226FEF8200140400 /* PerfilometroUITests.swift */; };
		AD90236222924C0000AE7D78 /* FindRoutePresenter.swift in Sources */ = {isa = PBXBuildFile; fileRef = AD90235C22924C0000AE7D78 /* FindRoutePresenter.swift */; };
		AD90236322924C0000AE7D78 /* FindRouteWorker.swift in Sources */ = {isa = PBXBuildFile; fileRef = AD90235D22924C0000AE7D78 /* FindRouteWorker.swift */; };
		AD90236422924C0000AE7D78 /* FindRouteRouter.swift in Sources */ = {isa = PBXBuildFile; fileRef = AD90235E22924C0000AE7D78 /* FindRouteRouter.swift */; };
		AD90236522924C0000AE7D78 /* FindRouteModels.swift in Sources */ = {isa = PBXBuildFile; fileRef = AD90235F22924C0000AE7D78 /* FindRouteModels.swift */; };
		AD90236622924C0000AE7D78 /* FindRouteViewController.swift in Sources */ = {isa = PBXBuildFile; fileRef = AD90236022924C0000AE7D78 /* FindRouteViewController.swift */; };
		AD90236722924C0000AE7D78 /* FindRouteInteractor.swift in Sources */ = {isa = PBXBuildFile; fileRef = AD90236122924C0000AE7D78 /* FindRouteInteractor.swift */; };
		ADB7936122D431D60002E217 /* Date+extension.swift in Sources */ = {isa = PBXBuildFile; fileRef = ADB7936022D431D60002E217 /* Date+extension.swift */; };
		ADB7936422D443220002E217 /* JSONFormatter.swift in Sources */ = {isa = PBXBuildFile; fileRef = ADB7936322D443220002E217 /* JSONFormatter.swift */; };
		ADB7936A22D452590002E217 /* GraphicSettings.swift in Sources */ = {isa = PBXBuildFile; fileRef = ADB7936922D452590002E217 /* GraphicSettings.swift */; };
		ADE7BDBF2296DDCA003784EC /* mapStyle.json in Resources */ = {isa = PBXBuildFile; fileRef = ADE7BDBE2296DDCA003784EC /* mapStyle.json */; };
		ADE952DB22CFBDEF00BC5F6A /* RoadEndpoint.swift in Sources */ = {isa = PBXBuildFile; fileRef = ADE952DA22CFBDEF00BC5F6A /* RoadEndpoint.swift */; };
		ADF31F8A22C9484B0052B777 /* CallibrateSensorsTableViewController.swift in Sources */ = {isa = PBXBuildFile; fileRef = ADF31F8922C9484B0052B777 /* CallibrateSensorsTableViewController.swift */; };
		ADFDD0A222C7CEE40033BB91 /* Color.xcassets in Resources */ = {isa = PBXBuildFile; fileRef = ADFDD0A122C7CEE40033BB91 /* Color.xcassets */; };
		ADFDD0A422C7CF0C0033BB91 /* Assets.xcassets in Resources */ = {isa = PBXBuildFile; fileRef = ADFDD0A322C7CF0C0033BB91 /* Assets.xcassets */; };
		ADFDD0A622C7D8D30033BB91 /* UIMapViewDesignable.swift in Sources */ = {isa = PBXBuildFile; fileRef = ADFDD0A522C7D8D30033BB91 /* UIMapViewDesignable.swift */; };
		D454D78922CE9D480000DDAE /* MQTT_Manager.swift in Sources */ = {isa = PBXBuildFile; fileRef = D454D78822CE9D480000DDAE /* MQTT_Manager.swift */; };
		D4AA715F22B3DA440095B252 /* SingleResultViewController.swift in Sources */ = {isa = PBXBuildFile; fileRef = D4AA715E22B3DA440095B252 /* SingleResultViewController.swift */; };
		D4AA716222B3DFD60095B252 /* Road.swift in Sources */ = {isa = PBXBuildFile; fileRef = D4AA716122B3DFD60095B252 /* Road.swift */; };
		D4AA719822B700770095B252 /* CalibrateView.storyboard in Resources */ = {isa = PBXBuildFile; fileRef = D4AA719722B700770095B252 /* CalibrateView.storyboard */; };
		D4AA719F22B742F40095B252 /* CalibrateSensorsModels.swift in Sources */ = {isa = PBXBuildFile; fileRef = D4AA719922B742F40095B252 /* CalibrateSensorsModels.swift */; };
		D4AA71A022B742F40095B252 /* CalibrateSensorsInteractor.swift in Sources */ = {isa = PBXBuildFile; fileRef = D4AA719A22B742F40095B252 /* CalibrateSensorsInteractor.swift */; };
		D4AA71A122B742F40095B252 /* CalibrateSensorsWorker.swift in Sources */ = {isa = PBXBuildFile; fileRef = D4AA719B22B742F40095B252 /* CalibrateSensorsWorker.swift */; };
		D4AA71A222B742F40095B252 /* CalibrateSensorsViewController.swift in Sources */ = {isa = PBXBuildFile; fileRef = D4AA719C22B742F40095B252 /* CalibrateSensorsViewController.swift */; };
		D4AA71A322B742F40095B252 /* CalibrateSensorsPresenter.swift in Sources */ = {isa = PBXBuildFile; fileRef = D4AA719D22B742F40095B252 /* CalibrateSensorsPresenter.swift */; };
		D4AA71A422B742F40095B252 /* CalibrateSensorsRouter.swift in Sources */ = {isa = PBXBuildFile; fileRef = D4AA719E22B742F40095B252 /* CalibrateSensorsRouter.swift */; };
		D4AA71B122B745210095B252 /* RouteResultsModels.swift in Sources */ = {isa = PBXBuildFile; fileRef = D4AA71A622B745210095B252 /* RouteResultsModels.swift */; };
		D4AA71B222B745210095B252 /* RouteResultsWorker.swift in Sources */ = {isa = PBXBuildFile; fileRef = D4AA71A722B745210095B252 /* RouteResultsWorker.swift */; };
		D4AA71B322B745210095B252 /* RouteResultsPresenter.swift in Sources */ = {isa = PBXBuildFile; fileRef = D4AA71A822B745210095B252 /* RouteResultsPresenter.swift */; };
		D4AA71B422B745210095B252 /* RouteResultsRouter.swift in Sources */ = {isa = PBXBuildFile; fileRef = D4AA71A922B745210095B252 /* RouteResultsRouter.swift */; };
		D4AA71B522B745210095B252 /* ResultsTableViewCell.swift in Sources */ = {isa = PBXBuildFile; fileRef = D4AA71AA22B745210095B252 /* ResultsTableViewCell.swift */; };
		D4AA71B622B745210095B252 /* RouteResultsInteractor.swift in Sources */ = {isa = PBXBuildFile; fileRef = D4AA71AB22B745210095B252 /* RouteResultsInteractor.swift */; };
		D4AA71B722B745210095B252 /* RouteResultsViewController.swift in Sources */ = {isa = PBXBuildFile; fileRef = D4AA71AC22B745210095B252 /* RouteResultsViewController.swift */; };
		D4AA71B922B745210095B252 /* ResultsView.storyboard in Resources */ = {isa = PBXBuildFile; fileRef = D4AA71AF22B745210095B252 /* ResultsView.storyboard */; };
		D4AA71BA22B745210095B252 /* ResultTableViewCell.xib in Resources */ = {isa = PBXBuildFile; fileRef = D4AA71B022B745210095B252 /* ResultTableViewCell.xib */; };
		D4AA71C022B75D7C0095B252 /* CameraControll.swift in Sources */ = {isa = PBXBuildFile; fileRef = D4AA71BF22B75D7C0095B252 /* CameraControll.swift */; };
		D4AA71C222B75D940095B252 /* MoveCameraDelegate.swift in Sources */ = {isa = PBXBuildFile; fileRef = D4AA71C122B75D940095B252 /* MoveCameraDelegate.swift */; };
		D4AD0C00D6434CBB551D1482 /* Pods_Perfilometro.framework in Frameworks */ = {isa = PBXBuildFile; fileRef = DD864B00C57DE30635C274E6 /* Pods_Perfilometro.framework */; };
		D4DC652A22987AB400A74C2D /* HTTPNetworkManager.swift in Sources */ = {isa = PBXBuildFile; fileRef = D4DC652622987AB400A74C2D /* HTTPNetworkManager.swift */; };
		D4DC652B22987AB400A74C2D /* Endpoint.swift in Sources */ = {isa = PBXBuildFile; fileRef = D4DC652722987AB400A74C2D /* Endpoint.swift */; };
		D4DC652C22987AB400A74C2D /* BluetoothManager.swift in Sources */ = {isa = PBXBuildFile; fileRef = D4DC652922987AB400A74C2D /* BluetoothManager.swift */; };
		D4DC653A22987ACC00A74C2D /* RouteProfile.storyboard in Resources */ = {isa = PBXBuildFile; fileRef = D4DC653022987ACC00A74C2D /* RouteProfile.storyboard */; };
		D4DC653C22987ACC00A74C2D /* TraceRouteView.storyboard in Resources */ = {isa = PBXBuildFile; fileRef = D4DC653422987ACC00A74C2D /* TraceRouteView.storyboard */; };
		D4DC653D22987ACC00A74C2D /* RegisterRoute.storyboard in Resources */ = {isa = PBXBuildFile; fileRef = D4DC653522987ACC00A74C2D /* RegisterRoute.storyboard */; };
		D4DC653E22987ACC00A74C2D /* TabBarViewController.swift in Sources */ = {isa = PBXBuildFile; fileRef = D4DC653722987ACC00A74C2D /* TabBarViewController.swift */; };
		D4DC653F22987ACC00A74C2D /* TabBarViewController.storyboard in Resources */ = {isa = PBXBuildFile; fileRef = D4DC653822987ACC00A74C2D /* TabBarViewController.storyboard */; };
		D4DC654222987B0100A74C2D /* FindRouteView.storyboard in Resources */ = {isa = PBXBuildFile; fileRef = D4DC654122987B0100A74C2D /* FindRouteView.storyboard */; };
/* End PBXBuildFile section */

/* Begin PBXContainerItemProxy section */
		AD750BBA226FEF8200140400 /* PBXContainerItemProxy */ = {
			isa = PBXContainerItemProxy;
			containerPortal = AD750B9D226FEF8000140400 /* Project object */;
			proxyType = 1;
			remoteGlobalIDString = AD750BA4226FEF8000140400;
			remoteInfo = Perfilometro;
		};
		AD750BC5226FEF8200140400 /* PBXContainerItemProxy */ = {
			isa = PBXContainerItemProxy;
			containerPortal = AD750B9D226FEF8000140400 /* Project object */;
			proxyType = 1;
			remoteGlobalIDString = AD750BA4226FEF8000140400;
			remoteInfo = Perfilometro;
		};
/* End PBXContainerItemProxy section */

/* Begin PBXFileReference section */
		28BE6DD30B7A0117B290CDD0 /* Pods-PerfilometroUITests.debug.xcconfig */ = {isa = PBXFileReference; includeInIndex = 1; lastKnownFileType = text.xcconfig; name = "Pods-PerfilometroUITests.debug.xcconfig"; path = "Target Support Files/Pods-PerfilometroUITests/Pods-PerfilometroUITests.debug.xcconfig"; sourceTree = "<group>"; };
		5AD635516488B0D4F5437D6C /* Pods-PerfilometroTests.debug.xcconfig */ = {isa = PBXFileReference; includeInIndex = 1; lastKnownFileType = text.xcconfig; name = "Pods-PerfilometroTests.debug.xcconfig"; path = "Target Support Files/Pods-PerfilometroTests/Pods-PerfilometroTests.debug.xcconfig"; sourceTree = "<group>"; };
		6F2A3EF3E036845976007B06 /* Pods_PerfilometroUITests.framework */ = {isa = PBXFileReference; explicitFileType = wrapper.framework; includeInIndex = 0; path = Pods_PerfilometroUITests.framework; sourceTree = BUILT_PRODUCTS_DIR; };
		8B950F0D376D47D90D59BA2C /* Pods-PerfilometroTests.release.xcconfig */ = {isa = PBXFileReference; includeInIndex = 1; lastKnownFileType = text.xcconfig; name = "Pods-PerfilometroTests.release.xcconfig"; path = "Target Support Files/Pods-PerfilometroTests/Pods-PerfilometroTests.release.xcconfig"; sourceTree = "<group>"; };
		99987A0154557D6E7B5C1753 /* Pods-Perfilometro.debug.xcconfig */ = {isa = PBXFileReference; includeInIndex = 1; lastKnownFileType = text.xcconfig; name = "Pods-Perfilometro.debug.xcconfig"; path = "Target Support Files/Pods-Perfilometro/Pods-Perfilometro.debug.xcconfig"; sourceTree = "<group>"; };
		A8062748D481F78E07458F56 /* Pods_PerfilometroTests.framework */ = {isa = PBXFileReference; explicitFileType = wrapper.framework; includeInIndex = 0; path = Pods_PerfilometroTests.framework; sourceTree = BUILT_PRODUCTS_DIR; };
		AD36DD2522C8EAAA00374DCB /* SingleResultsTableViewController.swift */ = {isa = PBXFileReference; lastKnownFileType = sourcecode.swift; path = SingleResultsTableViewController.swift; sourceTree = "<group>"; };
		AD36DD2722C93EB700374DCB /* AnimatedSwitch.swift */ = {isa = PBXFileReference; lastKnownFileType = sourcecode.swift; path = AnimatedSwitch.swift; sourceTree = "<group>"; };
		AD750BA5226FEF8000140400 /* Perfilometro.app */ = {isa = PBXFileReference; explicitFileType = wrapper.application; includeInIndex = 0; path = Perfilometro.app; sourceTree = BUILT_PRODUCTS_DIR; };
		AD750BA8226FEF8000140400 /* AppDelegate.swift */ = {isa = PBXFileReference; lastKnownFileType = sourcecode.swift; path = AppDelegate.swift; sourceTree = "<group>"; };
		AD750BB4226FEF8200140400 /* Info.plist */ = {isa = PBXFileReference; lastKnownFileType = text.plist.xml; path = Info.plist; sourceTree = "<group>"; };
		AD750BB9226FEF8200140400 /* PerfilometroTests.xctest */ = {isa = PBXFileReference; explicitFileType = wrapper.cfbundle; includeInIndex = 0; path = PerfilometroTests.xctest; sourceTree = BUILT_PRODUCTS_DIR; };
		AD750BBD226FEF8200140400 /* PerfilometroTests.swift */ = {isa = PBXFileReference; lastKnownFileType = sourcecode.swift; path = PerfilometroTests.swift; sourceTree = "<group>"; };
		AD750BBF226FEF8200140400 /* Info.plist */ = {isa = PBXFileReference; lastKnownFileType = text.plist.xml; path = Info.plist; sourceTree = "<group>"; };
		AD750BC4226FEF8200140400 /* PerfilometroUITests.xctest */ = {isa = PBXFileReference; explicitFileType = wrapper.cfbundle; includeInIndex = 0; path = PerfilometroUITests.xctest; sourceTree = BUILT_PRODUCTS_DIR; };
		AD750BC8226FEF8200140400 /* PerfilometroUITests.swift */ = {isa = PBXFileReference; lastKnownFileType = sourcecode.swift; path = PerfilometroUITests.swift; sourceTree = "<group>"; };
		AD750BCA226FEF8200140400 /* Info.plist */ = {isa = PBXFileReference; lastKnownFileType = text.plist.xml; path = Info.plist; sourceTree = "<group>"; };
		AD90235C22924C0000AE7D78 /* FindRoutePresenter.swift */ = {isa = PBXFileReference; lastKnownFileType = sourcecode.swift; path = FindRoutePresenter.swift; sourceTree = "<group>"; };
		AD90235D22924C0000AE7D78 /* FindRouteWorker.swift */ = {isa = PBXFileReference; lastKnownFileType = sourcecode.swift; path = FindRouteWorker.swift; sourceTree = "<group>"; };
		AD90235E22924C0000AE7D78 /* FindRouteRouter.swift */ = {isa = PBXFileReference; lastKnownFileType = sourcecode.swift; path = FindRouteRouter.swift; sourceTree = "<group>"; };
		AD90235F22924C0000AE7D78 /* FindRouteModels.swift */ = {isa = PBXFileReference; lastKnownFileType = sourcecode.swift; path = FindRouteModels.swift; sourceTree = "<group>"; };
		AD90236022924C0000AE7D78 /* FindRouteViewController.swift */ = {isa = PBXFileReference; lastKnownFileType = sourcecode.swift; path = FindRouteViewController.swift; sourceTree = "<group>"; };
		AD90236122924C0000AE7D78 /* FindRouteInteractor.swift */ = {isa = PBXFileReference; lastKnownFileType = sourcecode.swift; path = FindRouteInteractor.swift; sourceTree = "<group>"; };
		ADB7936022D431D60002E217 /* Date+extension.swift */ = {isa = PBXFileReference; lastKnownFileType = sourcecode.swift; path = "Date+extension.swift"; sourceTree = "<group>"; };
		ADB7936322D443220002E217 /* JSONFormatter.swift */ = {isa = PBXFileReference; lastKnownFileType = sourcecode.swift; path = JSONFormatter.swift; sourceTree = "<group>"; };
		ADB7936922D452590002E217 /* GraphicSettings.swift */ = {isa = PBXFileReference; fileEncoding = 4; lastKnownFileType = sourcecode.swift; path = GraphicSettings.swift; sourceTree = "<group>"; };
		ADE3F7B3228515EF0094A699 /* BluetoothManager.swift */ = {isa = PBXFileReference; lastKnownFileType = sourcecode.swift; path = BluetoothManager.swift; sourceTree = "<group>"; };
		ADE7BDBE2296DDCA003784EC /* mapStyle.json */ = {isa = PBXFileReference; fileEncoding = 4; lastKnownFileType = text.json; path = mapStyle.json; sourceTree = "<group>"; };
		ADE952DA22CFBDEF00BC5F6A /* RoadEndpoint.swift */ = {isa = PBXFileReference; lastKnownFileType = sourcecode.swift; path = RoadEndpoint.swift; sourceTree = "<group>"; };
		ADEFE3D622B3C8BC0014B684 /* UIButtonDesignable.swift */ = {isa = PBXFileReference; lastKnownFileType = sourcecode.swift; path = UIButtonDesignable.swift; sourceTree = "<group>"; };
		ADF31F8922C9484B0052B777 /* CallibrateSensorsTableViewController.swift */ = {isa = PBXFileReference; lastKnownFileType = sourcecode.swift; path = CallibrateSensorsTableViewController.swift; sourceTree = "<group>"; };
		ADFDD0A122C7CEE40033BB91 /* Color.xcassets */ = {isa = PBXFileReference; lastKnownFileType = folder.assetcatalog; path = Color.xcassets; sourceTree = "<group>"; };
		ADFDD0A322C7CF0C0033BB91 /* Assets.xcassets */ = {isa = PBXFileReference; lastKnownFileType = folder.assetcatalog; path = Assets.xcassets; sourceTree = "<group>"; };
		ADFDD0A522C7D8D30033BB91 /* UIMapViewDesignable.swift */ = {isa = PBXFileReference; lastKnownFileType = sourcecode.swift; path = UIMapViewDesignable.swift; sourceTree = "<group>"; };
		C582329E0652907259329EA3 /* Pods-PerfilometroUITests.release.xcconfig */ = {isa = PBXFileReference; includeInIndex = 1; lastKnownFileType = text.xcconfig; name = "Pods-PerfilometroUITests.release.xcconfig"; path = "Target Support Files/Pods-PerfilometroUITests/Pods-PerfilometroUITests.release.xcconfig"; sourceTree = "<group>"; };
		D445D0612295DE33007960E8 /* Base */ = {isa = PBXFileReference; lastKnownFileType = file.storyboard; name = Base; path = Base.lproj/LaunchScreen.storyboard; sourceTree = "<group>"; };
		D454D78822CE9D480000DDAE /* MQTT_Manager.swift */ = {isa = PBXFileReference; lastKnownFileType = sourcecode.swift; path = MQTT_Manager.swift; sourceTree = "<group>"; };
		D4AA715E22B3DA440095B252 /* SingleResultViewController.swift */ = {isa = PBXFileReference; lastKnownFileType = sourcecode.swift; path = SingleResultViewController.swift; sourceTree = "<group>"; };
		D4AA716122B3DFD60095B252 /* Road.swift */ = {isa = PBXFileReference; lastKnownFileType = sourcecode.swift; path = Road.swift; sourceTree = "<group>"; };
		D4AA719722B700770095B252 /* CalibrateView.storyboard */ = {isa = PBXFileReference; fileEncoding = 4; lastKnownFileType = file.storyboard; path = CalibrateView.storyboard; sourceTree = "<group>"; };
		D4AA719922B742F40095B252 /* CalibrateSensorsModels.swift */ = {isa = PBXFileReference; fileEncoding = 4; lastKnownFileType = sourcecode.swift; name = CalibrateSensorsModels.swift; path = Perfilometro/Scenes/Calibrate/CalibrateSensorsModels.swift; sourceTree = SOURCE_ROOT; };
		D4AA719A22B742F40095B252 /* CalibrateSensorsInteractor.swift */ = {isa = PBXFileReference; fileEncoding = 4; lastKnownFileType = sourcecode.swift; name = CalibrateSensorsInteractor.swift; path = Perfilometro/Scenes/Calibrate/CalibrateSensorsInteractor.swift; sourceTree = SOURCE_ROOT; };
		D4AA719B22B742F40095B252 /* CalibrateSensorsWorker.swift */ = {isa = PBXFileReference; fileEncoding = 4; lastKnownFileType = sourcecode.swift; name = CalibrateSensorsWorker.swift; path = Perfilometro/Scenes/Calibrate/CalibrateSensorsWorker.swift; sourceTree = SOURCE_ROOT; };
		D4AA719C22B742F40095B252 /* CalibrateSensorsViewController.swift */ = {isa = PBXFileReference; fileEncoding = 4; lastKnownFileType = sourcecode.swift; name = CalibrateSensorsViewController.swift; path = Perfilometro/Scenes/Calibrate/CalibrateSensorsViewController.swift; sourceTree = SOURCE_ROOT; };
		D4AA719D22B742F40095B252 /* CalibrateSensorsPresenter.swift */ = {isa = PBXFileReference; fileEncoding = 4; lastKnownFileType = sourcecode.swift; name = CalibrateSensorsPresenter.swift; path = Perfilometro/Scenes/Calibrate/CalibrateSensorsPresenter.swift; sourceTree = SOURCE_ROOT; };
		D4AA719E22B742F40095B252 /* CalibrateSensorsRouter.swift */ = {isa = PBXFileReference; fileEncoding = 4; lastKnownFileType = sourcecode.swift; name = CalibrateSensorsRouter.swift; path = Perfilometro/Scenes/Calibrate/CalibrateSensorsRouter.swift; sourceTree = SOURCE_ROOT; };
		D4AA71A622B745210095B252 /* RouteResultsModels.swift */ = {isa = PBXFileReference; fileEncoding = 4; lastKnownFileType = sourcecode.swift; path = RouteResultsModels.swift; sourceTree = "<group>"; };
		D4AA71A722B745210095B252 /* RouteResultsWorker.swift */ = {isa = PBXFileReference; fileEncoding = 4; lastKnownFileType = sourcecode.swift; path = RouteResultsWorker.swift; sourceTree = "<group>"; };
		D4AA71A822B745210095B252 /* RouteResultsPresenter.swift */ = {isa = PBXFileReference; fileEncoding = 4; lastKnownFileType = sourcecode.swift; path = RouteResultsPresenter.swift; sourceTree = "<group>"; };
		D4AA71A922B745210095B252 /* RouteResultsRouter.swift */ = {isa = PBXFileReference; fileEncoding = 4; lastKnownFileType = sourcecode.swift; path = RouteResultsRouter.swift; sourceTree = "<group>"; };
		D4AA71AA22B745210095B252 /* ResultsTableViewCell.swift */ = {isa = PBXFileReference; fileEncoding = 4; lastKnownFileType = sourcecode.swift; path = ResultsTableViewCell.swift; sourceTree = "<group>"; };
		D4AA71AB22B745210095B252 /* RouteResultsInteractor.swift */ = {isa = PBXFileReference; fileEncoding = 4; lastKnownFileType = sourcecode.swift; path = RouteResultsInteractor.swift; sourceTree = "<group>"; };
		D4AA71AC22B745210095B252 /* RouteResultsViewController.swift */ = {isa = PBXFileReference; fileEncoding = 4; lastKnownFileType = sourcecode.swift; path = RouteResultsViewController.swift; sourceTree = "<group>"; };
		D4AA71AF22B745210095B252 /* ResultsView.storyboard */ = {isa = PBXFileReference; fileEncoding = 4; lastKnownFileType = file.storyboard; path = ResultsView.storyboard; sourceTree = "<group>"; };
		D4AA71B022B745210095B252 /* ResultTableViewCell.xib */ = {isa = PBXFileReference; fileEncoding = 4; lastKnownFileType = file.xib; path = ResultTableViewCell.xib; sourceTree = "<group>"; };
		D4AA71BF22B75D7C0095B252 /* CameraControll.swift */ = {isa = PBXFileReference; lastKnownFileType = sourcecode.swift; path = CameraControll.swift; sourceTree = "<group>"; };
		D4AA71C122B75D940095B252 /* MoveCameraDelegate.swift */ = {isa = PBXFileReference; lastKnownFileType = sourcecode.swift; path = MoveCameraDelegate.swift; sourceTree = "<group>"; };
		D4DC652622987AB400A74C2D /* HTTPNetworkManager.swift */ = {isa = PBXFileReference; fileEncoding = 4; lastKnownFileType = sourcecode.swift; path = HTTPNetworkManager.swift; sourceTree = "<group>"; };
		D4DC652722987AB400A74C2D /* Endpoint.swift */ = {isa = PBXFileReference; fileEncoding = 4; lastKnownFileType = sourcecode.swift; path = Endpoint.swift; sourceTree = "<group>"; };
		D4DC652922987AB400A74C2D /* BluetoothManager.swift */ = {isa = PBXFileReference; fileEncoding = 4; lastKnownFileType = sourcecode.swift; path = BluetoothManager.swift; sourceTree = "<group>"; };
		D4DC653022987ACC00A74C2D /* RouteProfile.storyboard */ = {isa = PBXFileReference; fileEncoding = 4; lastKnownFileType = file.storyboard; path = RouteProfile.storyboard; sourceTree = "<group>"; };
		D4DC653222987ACC00A74C2D /* CalibrateView.storyboard */ = {isa = PBXFileReference; fileEncoding = 4; lastKnownFileType = file.storyboard; path = CalibrateView.storyboard; sourceTree = "<group>"; };
		D4DC653422987ACC00A74C2D /* TraceRouteView.storyboard */ = {isa = PBXFileReference; fileEncoding = 4; lastKnownFileType = file.storyboard; path = TraceRouteView.storyboard; sourceTree = "<group>"; };
		D4DC653522987ACC00A74C2D /* RegisterRoute.storyboard */ = {isa = PBXFileReference; fileEncoding = 4; lastKnownFileType = file.storyboard; path = RegisterRoute.storyboard; sourceTree = "<group>"; };
		D4DC653722987ACC00A74C2D /* TabBarViewController.swift */ = {isa = PBXFileReference; fileEncoding = 4; lastKnownFileType = sourcecode.swift; path = TabBarViewController.swift; sourceTree = "<group>"; };
		D4DC653822987ACC00A74C2D /* TabBarViewController.storyboard */ = {isa = PBXFileReference; fileEncoding = 4; lastKnownFileType = file.storyboard; path = TabBarViewController.storyboard; sourceTree = "<group>"; };
		D4DC654122987B0100A74C2D /* FindRouteView.storyboard */ = {isa = PBXFileReference; fileEncoding = 4; lastKnownFileType = file.storyboard; path = FindRouteView.storyboard; sourceTree = "<group>"; };
		DD864B00C57DE30635C274E6 /* Pods_Perfilometro.framework */ = {isa = PBXFileReference; explicitFileType = wrapper.framework; includeInIndex = 0; path = Pods_Perfilometro.framework; sourceTree = BUILT_PRODUCTS_DIR; };
		F44EE874347D99E4E1E81473 /* Pods-Perfilometro.release.xcconfig */ = {isa = PBXFileReference; includeInIndex = 1; lastKnownFileType = text.xcconfig; name = "Pods-Perfilometro.release.xcconfig"; path = "Target Support Files/Pods-Perfilometro/Pods-Perfilometro.release.xcconfig"; sourceTree = "<group>"; };
/* End PBXFileReference section */

/* Begin PBXFrameworksBuildPhase section */
		AD750BA2226FEF8000140400 /* Frameworks */ = {
			isa = PBXFrameworksBuildPhase;
			buildActionMask = 2147483647;
			files = (
				D4AD0C00D6434CBB551D1482 /* Pods_Perfilometro.framework in Frameworks */,
			);
			runOnlyForDeploymentPostprocessing = 0;
		};
		AD750BB6226FEF8200140400 /* Frameworks */ = {
			isa = PBXFrameworksBuildPhase;
			buildActionMask = 2147483647;
			files = (
				A2CD5277983A2D68F8D02D0B /* Pods_PerfilometroTests.framework in Frameworks */,
			);
			runOnlyForDeploymentPostprocessing = 0;
		};
		AD750BC1226FEF8200140400 /* Frameworks */ = {
			isa = PBXFrameworksBuildPhase;
			buildActionMask = 2147483647;
			files = (
				99C0A9AACAA3925612171FAD /* Pods_PerfilometroUITests.framework in Frameworks */,
			);
			runOnlyForDeploymentPostprocessing = 0;
		};
/* End PBXFrameworksBuildPhase section */

/* Begin PBXGroup section */
		AD750B9C226FEF8000140400 = {
			isa = PBXGroup;
			children = (
				AD750BA7226FEF8000140400 /* Perfilometro */,
				AD750BBC226FEF8200140400 /* PerfilometroTests */,
				AD750BC7226FEF8200140400 /* PerfilometroUITests */,
				AD750BA6226FEF8000140400 /* Products */,
				D4DC65232298791C00A74C2D /* Recovered References */,
				D8D1AB4039EFC3C2D8159FA3 /* Pods */,
				F6274512D051D832A114AF0C /* Frameworks */,
			);
			sourceTree = "<group>";
		};
		AD750BA6226FEF8000140400 /* Products */ = {
			isa = PBXGroup;
			children = (
				AD750BA5226FEF8000140400 /* Perfilometro.app */,
				AD750BB9226FEF8200140400 /* PerfilometroTests.xctest */,
				AD750BC4226FEF8200140400 /* PerfilometroUITests.xctest */,
			);
			name = Products;
			sourceTree = "<group>";
		};
		AD750BA7226FEF8000140400 /* Perfilometro */ = {
			isa = PBXGroup;
			children = (
				D4AA716022B3DCDC0095B252 /* Model */,
				D4DC652422987AB400A74C2D /* Network */,
				ADE7BDBC2296DC7D003784EC /* Helpers */,
				AD90231A229240DD00AE7D78 /* Scenes */,
				AD9023192292405200AE7D78 /* TabBar */,
				ADE3F7AD228515370094A699 /* Supporting Files */,
				AD750BB4226FEF8200140400 /* Info.plist */,
			);
			path = Perfilometro;
			sourceTree = "<group>";
		};
		AD750BBC226FEF8200140400 /* PerfilometroTests */ = {
			isa = PBXGroup;
			children = (
				AD750BBD226FEF8200140400 /* PerfilometroTests.swift */,
				AD750BBF226FEF8200140400 /* Info.plist */,
			);
			path = PerfilometroTests;
			sourceTree = "<group>";
		};
		AD750BC7226FEF8200140400 /* PerfilometroUITests */ = {
			isa = PBXGroup;
			children = (
				AD750BC8226FEF8200140400 /* PerfilometroUITests.swift */,
				AD750BCA226FEF8200140400 /* Info.plist */,
			);
			path = PerfilometroUITests;
			sourceTree = "<group>";
		};
		AD9023192292405200AE7D78 /* TabBar */ = {
			isa = PBXGroup;
			children = (
				D4DC653622987ACC00A74C2D /* TabBarController */,
			);
			path = TabBar;
			sourceTree = "<group>";
		};
		AD90231A229240DD00AE7D78 /* Scenes */ = {
			isa = PBXGroup;
			children = (
				D4AA71A522B745210095B252 /* Results */,
				D4AA715A22B3D9420095B252 /* SingleResult */,
				D4AA714B22B3CAAE0095B252 /* Calibrate */,
				AD90236822924C0D00AE7D78 /* FindRoute */,
			);
			path = Scenes;
			sourceTree = "<group>";
		};
		AD90236822924C0D00AE7D78 /* FindRoute */ = {
			isa = PBXGroup;
			children = (
				AD90235C22924C0000AE7D78 /* FindRoutePresenter.swift */,
				AD90235D22924C0000AE7D78 /* FindRouteWorker.swift */,
				AD90235E22924C0000AE7D78 /* FindRouteRouter.swift */,
				AD90235F22924C0000AE7D78 /* FindRouteModels.swift */,
				AD90236022924C0000AE7D78 /* FindRouteViewController.swift */,
				AD90236122924C0000AE7D78 /* FindRouteInteractor.swift */,
				D4DC654022987B0100A74C2D /* FindRouteView */,
			);
			path = FindRoute;
			sourceTree = "<group>";
		};
		ADB7935F22D431C40002E217 /* Date */ = {
			isa = PBXGroup;
			children = (
				ADB7936022D431D60002E217 /* Date+extension.swift */,
			);
			path = Date;
			sourceTree = "<group>";
		};
		ADB7936222D443100002E217 /* JSON */ = {
			isa = PBXGroup;
			children = (
				ADB7936322D443220002E217 /* JSONFormatter.swift */,
			);
			path = JSON;
			sourceTree = "<group>";
		};
		ADE3F7AD228515370094A699 /* Supporting Files */ = {
			isa = PBXGroup;
			children = (
				AD750BB1226FEF8200140400 /* LaunchScreen.storyboard */,
				AD750BA8226FEF8000140400 /* AppDelegate.swift */,
				ADFDD0A322C7CF0C0033BB91 /* Assets.xcassets */,
				ADFDD0A122C7CEE40033BB91 /* Color.xcassets */,
			);
			path = "Supporting Files";
			sourceTree = "<group>";
		};
		ADE7BDBC2296DC7D003784EC /* Helpers */ = {
			isa = PBXGroup;
			children = (
				ADB7936222D443100002E217 /* JSON */,
				ADB7935F22D431C40002E217 /* Date */,
				ADEFE3D522B3C8AA0014B684 /* UI */,
				ADE7BDBD2296DC84003784EC /* Map */,
			);
			path = Helpers;
			sourceTree = "<group>";
		};
		ADE7BDBD2296DC84003784EC /* Map */ = {
			isa = PBXGroup;
			children = (
				ADE7BDBE2296DDCA003784EC /* mapStyle.json */,
			);
			path = Map;
			sourceTree = "<group>";
		};
		ADE952D922CFBDD200BC5F6A /* Road */ = {
			isa = PBXGroup;
			children = (
				ADE952DA22CFBDEF00BC5F6A /* RoadEndpoint.swift */,
			);
			path = Road;
			sourceTree = "<group>";
		};
		ADEFE3D522B3C8AA0014B684 /* UI */ = {
			isa = PBXGroup;
			children = (
				ADEFE3D622B3C8BC0014B684 /* UIButtonDesignable.swift */,
				ADFDD0A522C7D8D30033BB91 /* UIMapViewDesignable.swift */,
				AD36DD2722C93EB700374DCB /* AnimatedSwitch.swift */,
			);
			path = UI;
			sourceTree = "<group>";
		};
		D454D78722CE9D140000DDAE /* MQTT */ = {
			isa = PBXGroup;
			children = (
				D454D78822CE9D480000DDAE /* MQTT_Manager.swift */,
			);
			path = MQTT;
			sourceTree = "<group>";
		};
		D4AA714B22B3CAAE0095B252 /* Calibrate */ = {
			isa = PBXGroup;
			children = (
				D4AA719A22B742F40095B252 /* CalibrateSensorsInteractor.swift */,
				D4AA719922B742F40095B252 /* CalibrateSensorsModels.swift */,
				D4AA719D22B742F40095B252 /* CalibrateSensorsPresenter.swift */,
				D4AA719E22B742F40095B252 /* CalibrateSensorsRouter.swift */,
				D4AA719C22B742F40095B252 /* CalibrateSensorsViewController.swift */,
				D4AA719B22B742F40095B252 /* CalibrateSensorsWorker.swift */,
				D4DC653122987ACC00A74C2D /* CalibrateView */,
				ADF31F8922C9484B0052B777 /* CallibrateSensorsTableViewController.swift */,
			);
			path = Calibrate;
			sourceTree = "<group>";
		};
		D4AA715A22B3D9420095B252 /* SingleResult */ = {
			isa = PBXGroup;
			children = (
				ADB7936922D452590002E217 /* GraphicSettings.swift */,
				AD36DD2522C8EAAA00374DCB /* SingleResultsTableViewController.swift */,
				D4AA715E22B3DA440095B252 /* SingleResultViewController.swift */,
				D4AA71BF22B75D7C0095B252 /* CameraControll.swift */,
				D4AA71C122B75D940095B252 /* MoveCameraDelegate.swift */,
				D4AA715D22B3DA1E0095B252 /* SingleResultView */,
			);
			path = SingleResult;
			sourceTree = "<group>";
		};
		D4AA715D22B3DA1E0095B252 /* SingleResultView */ = {
			isa = PBXGroup;
			children = (
				D4DC653022987ACC00A74C2D /* RouteProfile.storyboard */,
			);
			path = SingleResultView;
			sourceTree = "<group>";
		};
		D4AA716022B3DCDC0095B252 /* Model */ = {
			isa = PBXGroup;
			children = (
				D4AA716122B3DFD60095B252 /* Road.swift */,
			);
			path = Model;
			sourceTree = "<group>";
		};
		D4AA71A522B745210095B252 /* Results */ = {
			isa = PBXGroup;
			children = (
				D4AA71A622B745210095B252 /* RouteResultsModels.swift */,
				D4AA71A722B745210095B252 /* RouteResultsWorker.swift */,
				D4AA71A822B745210095B252 /* RouteResultsPresenter.swift */,
				D4AA71A922B745210095B252 /* RouteResultsRouter.swift */,
				D4AA71AB22B745210095B252 /* RouteResultsInteractor.swift */,
				D4AA71AA22B745210095B252 /* ResultsTableViewCell.swift */,
				D4AA71AC22B745210095B252 /* RouteResultsViewController.swift */,
				D4AA71AE22B745210095B252 /* ResultsView */,
			);
			path = Results;
			sourceTree = "<group>";
		};
		D4AA71AE22B745210095B252 /* ResultsView */ = {
			isa = PBXGroup;
			children = (
				D4AA71AF22B745210095B252 /* ResultsView.storyboard */,
				D4AA71B022B745210095B252 /* ResultTableViewCell.xib */,
			);
			path = ResultsView;
			sourceTree = "<group>";
		};
		D4DC65232298791C00A74C2D /* Recovered References */ = {
			isa = PBXGroup;
			children = (
				ADE3F7B3228515EF0094A699 /* BluetoothManager.swift */,
				D4DC653222987ACC00A74C2D /* CalibrateView.storyboard */,
			);
			name = "Recovered References";
			sourceTree = "<group>";
		};
		D4DC652422987AB400A74C2D /* Network */ = {
			isa = PBXGroup;
			children = (
				D454D78722CE9D140000DDAE /* MQTT */,
				D4DC652522987AB400A74C2D /* HTTP */,
				D4DC652822987AB400A74C2D /* Bluetooth */,
			);
			path = Network;
			sourceTree = "<group>";
		};
		D4DC652522987AB400A74C2D /* HTTP */ = {
			isa = PBXGroup;
			children = (
				ADE952D922CFBDD200BC5F6A /* Road */,
				D4DC652622987AB400A74C2D /* HTTPNetworkManager.swift */,
				D4DC652722987AB400A74C2D /* Endpoint.swift */,
			);
			path = HTTP;
			sourceTree = "<group>";
		};
		D4DC652822987AB400A74C2D /* Bluetooth */ = {
			isa = PBXGroup;
			children = (
				D4DC652922987AB400A74C2D /* BluetoothManager.swift */,
			);
			path = Bluetooth;
			sourceTree = "<group>";
		};
		D4DC653122987ACC00A74C2D /* CalibrateView */ = {
			isa = PBXGroup;
			children = (
				D4AA719722B700770095B252 /* CalibrateView.storyboard */,
			);
			path = CalibrateView;
			sourceTree = "<group>";
		};
		D4DC653322987ACC00A74C2D /* TraceRoute */ = {
			isa = PBXGroup;
			children = (
				D4DC653422987ACC00A74C2D /* TraceRouteView.storyboard */,
				D4DC653522987ACC00A74C2D /* RegisterRoute.storyboard */,
			);
			path = TraceRoute;
			sourceTree = "<group>";
		};
		D4DC653622987ACC00A74C2D /* TabBarController */ = {
			isa = PBXGroup;
			children = (
				D4DC653722987ACC00A74C2D /* TabBarViewController.swift */,
				D4DC653822987ACC00A74C2D /* TabBarViewController.storyboard */,
			);
			path = TabBarController;
			sourceTree = "<group>";
		};
		D4DC654022987B0100A74C2D /* FindRouteView */ = {
			isa = PBXGroup;
			children = (
				D4DC653322987ACC00A74C2D /* TraceRoute */,
				D4DC654122987B0100A74C2D /* FindRouteView.storyboard */,
			);
			path = FindRouteView;
			sourceTree = "<group>";
		};
		D8D1AB4039EFC3C2D8159FA3 /* Pods */ = {
			isa = PBXGroup;
			children = (
				99987A0154557D6E7B5C1753 /* Pods-Perfilometro.debug.xcconfig */,
				F44EE874347D99E4E1E81473 /* Pods-Perfilometro.release.xcconfig */,
				5AD635516488B0D4F5437D6C /* Pods-PerfilometroTests.debug.xcconfig */,
				8B950F0D376D47D90D59BA2C /* Pods-PerfilometroTests.release.xcconfig */,
				28BE6DD30B7A0117B290CDD0 /* Pods-PerfilometroUITests.debug.xcconfig */,
				C582329E0652907259329EA3 /* Pods-PerfilometroUITests.release.xcconfig */,
			);
			path = Pods;
			sourceTree = "<group>";
		};
		F6274512D051D832A114AF0C /* Frameworks */ = {
			isa = PBXGroup;
			children = (
				DD864B00C57DE30635C274E6 /* Pods_Perfilometro.framework */,
				A8062748D481F78E07458F56 /* Pods_PerfilometroTests.framework */,
				6F2A3EF3E036845976007B06 /* Pods_PerfilometroUITests.framework */,
			);
			name = Frameworks;
			sourceTree = "<group>";
		};
/* End PBXGroup section */

/* Begin PBXNativeTarget section */
		AD750BA4226FEF8000140400 /* Perfilometro */ = {
			isa = PBXNativeTarget;
			buildConfigurationList = AD750BCD226FEF8200140400 /* Build configuration list for PBXNativeTarget "Perfilometro" */;
			buildPhases = (
				0CF24A851854262718D784F6 /* [CP] Check Pods Manifest.lock */,
				AD750BA1226FEF8000140400 /* Sources */,
				AD750BA2226FEF8000140400 /* Frameworks */,
				AD750BA3226FEF8000140400 /* Resources */,
				DDE276D7235B46B6903B84B1 /* [CP] Embed Pods Frameworks */,
				E9471ED21F661679D4A6EC99 /* [CP] Copy Pods Resources */,
			);
			buildRules = (
			);
			dependencies = (
			);
			name = Perfilometro;
			productName = Perfilometro;
			productReference = AD750BA5226FEF8000140400 /* Perfilometro.app */;
			productType = "com.apple.product-type.application";
		};
		AD750BB8226FEF8200140400 /* PerfilometroTests */ = {
			isa = PBXNativeTarget;
			buildConfigurationList = AD750BD0226FEF8200140400 /* Build configuration list for PBXNativeTarget "PerfilometroTests" */;
			buildPhases = (
				54361C6E8E6CD17C5F5C54AE /* [CP] Check Pods Manifest.lock */,
				AD750BB5226FEF8200140400 /* Sources */,
				AD750BB6226FEF8200140400 /* Frameworks */,
				AD750BB7226FEF8200140400 /* Resources */,
			);
			buildRules = (
			);
			dependencies = (
				AD750BBB226FEF8200140400 /* PBXTargetDependency */,
			);
			name = PerfilometroTests;
			productName = PerfilometroTests;
			productReference = AD750BB9226FEF8200140400 /* PerfilometroTests.xctest */;
			productType = "com.apple.product-type.bundle.unit-test";
		};
		AD750BC3226FEF8200140400 /* PerfilometroUITests */ = {
			isa = PBXNativeTarget;
			buildConfigurationList = AD750BD3226FEF8200140400 /* Build configuration list for PBXNativeTarget "PerfilometroUITests" */;
			buildPhases = (
				E5C59CE1A2BEC019E9EDCEAA /* [CP] Check Pods Manifest.lock */,
				AD750BC0226FEF8200140400 /* Sources */,
				AD750BC1226FEF8200140400 /* Frameworks */,
				AD750BC2226FEF8200140400 /* Resources */,
			);
			buildRules = (
			);
			dependencies = (
				AD750BC6226FEF8200140400 /* PBXTargetDependency */,
			);
			name = PerfilometroUITests;
			productName = PerfilometroUITests;
			productReference = AD750BC4226FEF8200140400 /* PerfilometroUITests.xctest */;
			productType = "com.apple.product-type.bundle.ui-testing";
		};
/* End PBXNativeTarget section */

/* Begin PBXProject section */
		AD750B9D226FEF8000140400 /* Project object */ = {
			isa = PBXProject;
			attributes = {
				LastSwiftUpdateCheck = 1020;
				LastUpgradeCheck = 1020;
				ORGANIZATIONNAME = "Miguel Pimentel";
				TargetAttributes = {
					AD750BA4226FEF8000140400 = {
						CreatedOnToolsVersion = 10.2;
					};
					AD750BB8226FEF8200140400 = {
						CreatedOnToolsVersion = 10.2;
						TestTargetID = AD750BA4226FEF8000140400;
					};
					AD750BC3226FEF8200140400 = {
						CreatedOnToolsVersion = 10.2;
						TestTargetID = AD750BA4226FEF8000140400;
					};
				};
			};
			buildConfigurationList = AD750BA0226FEF8000140400 /* Build configuration list for PBXProject "Perfilometro" */;
			compatibilityVersion = "Xcode 9.3";
			developmentRegion = en;
			hasScannedForEncodings = 0;
			knownRegions = (
				en,
				Base,
			);
			mainGroup = AD750B9C226FEF8000140400;
			productRefGroup = AD750BA6226FEF8000140400 /* Products */;
			projectDirPath = "";
			projectRoot = "";
			targets = (
				AD750BA4226FEF8000140400 /* Perfilometro */,
				AD750BB8226FEF8200140400 /* PerfilometroTests */,
				AD750BC3226FEF8200140400 /* PerfilometroUITests */,
			);
		};
/* End PBXProject section */

/* Begin PBXResourcesBuildPhase section */
		AD750BA3226FEF8000140400 /* Resources */ = {
			isa = PBXResourcesBuildPhase;
			buildActionMask = 2147483647;
			files = (
				AD750BB3226FEF8200140400 /* LaunchScreen.storyboard in Resources */,
				D4DC653C22987ACC00A74C2D /* TraceRouteView.storyboard in Resources */,
				ADFDD0A222C7CEE40033BB91 /* Color.xcassets in Resources */,
				D4AA71BA22B745210095B252 /* ResultTableViewCell.xib in Resources */,
				D4AA719822B700770095B252 /* CalibrateView.storyboard in Resources */,
				D4DC653F22987ACC00A74C2D /* TabBarViewController.storyboard in Resources */,
				ADFDD0A422C7CF0C0033BB91 /* Assets.xcassets in Resources */,
				D4DC654222987B0100A74C2D /* FindRouteView.storyboard in Resources */,
				D4DC653D22987ACC00A74C2D /* RegisterRoute.storyboard in Resources */,
				ADE7BDBF2296DDCA003784EC /* mapStyle.json in Resources */,
				D4DC653A22987ACC00A74C2D /* RouteProfile.storyboard in Resources */,
				D4AA71B922B745210095B252 /* ResultsView.storyboard in Resources */,
			);
			runOnlyForDeploymentPostprocessing = 0;
		};
		AD750BB7226FEF8200140400 /* Resources */ = {
			isa = PBXResourcesBuildPhase;
			buildActionMask = 2147483647;
			files = (
			);
			runOnlyForDeploymentPostprocessing = 0;
		};
		AD750BC2226FEF8200140400 /* Resources */ = {
			isa = PBXResourcesBuildPhase;
			buildActionMask = 2147483647;
			files = (
			);
			runOnlyForDeploymentPostprocessing = 0;
		};
/* End PBXResourcesBuildPhase section */

/* Begin PBXShellScriptBuildPhase section */
		0CF24A851854262718D784F6 /* [CP] Check Pods Manifest.lock */ = {
			isa = PBXShellScriptBuildPhase;
			buildActionMask = 2147483647;
			files = (
			);
			inputFileListPaths = (
			);
			inputPaths = (
				"${PODS_PODFILE_DIR_PATH}/Podfile.lock",
				"${PODS_ROOT}/Manifest.lock",
			);
			name = "[CP] Check Pods Manifest.lock";
			outputFileListPaths = (
			);
			outputPaths = (
				"$(DERIVED_FILE_DIR)/Pods-Perfilometro-checkManifestLockResult.txt",
			);
			runOnlyForDeploymentPostprocessing = 0;
			shellPath = /bin/sh;
			shellScript = "diff \"${PODS_PODFILE_DIR_PATH}/Podfile.lock\" \"${PODS_ROOT}/Manifest.lock\" > /dev/null\nif [ $? != 0 ] ; then\n    # print error to STDERR\n    echo \"error: The sandbox is not in sync with the Podfile.lock. Run 'pod install' or update your CocoaPods installation.\" >&2\n    exit 1\nfi\n# This output is used by Xcode 'outputs' to avoid re-running this script phase.\necho \"SUCCESS\" > \"${SCRIPT_OUTPUT_FILE_0}\"\n";
			showEnvVarsInLog = 0;
		};
		54361C6E8E6CD17C5F5C54AE /* [CP] Check Pods Manifest.lock */ = {
			isa = PBXShellScriptBuildPhase;
			buildActionMask = 2147483647;
			files = (
			);
			inputFileListPaths = (
			);
			inputPaths = (
				"${PODS_PODFILE_DIR_PATH}/Podfile.lock",
				"${PODS_ROOT}/Manifest.lock",
			);
			name = "[CP] Check Pods Manifest.lock";
			outputFileListPaths = (
			);
			outputPaths = (
				"$(DERIVED_FILE_DIR)/Pods-PerfilometroTests-checkManifestLockResult.txt",
			);
			runOnlyForDeploymentPostprocessing = 0;
			shellPath = /bin/sh;
			shellScript = "diff \"${PODS_PODFILE_DIR_PATH}/Podfile.lock\" \"${PODS_ROOT}/Manifest.lock\" > /dev/null\nif [ $? != 0 ] ; then\n    # print error to STDERR\n    echo \"error: The sandbox is not in sync with the Podfile.lock. Run 'pod install' or update your CocoaPods installation.\" >&2\n    exit 1\nfi\n# This output is used by Xcode 'outputs' to avoid re-running this script phase.\necho \"SUCCESS\" > \"${SCRIPT_OUTPUT_FILE_0}\"\n";
			showEnvVarsInLog = 0;
		};
		DDE276D7235B46B6903B84B1 /* [CP] Embed Pods Frameworks */ = {
			isa = PBXShellScriptBuildPhase;
			buildActionMask = 2147483647;
			files = (
			);
			inputFileListPaths = (
			);
			inputPaths = (
				"${PODS_ROOT}/Target Support Files/Pods-Perfilometro/Pods-Perfilometro-frameworks.sh",
				"${BUILT_PRODUCTS_DIR}/Alamofire/Alamofire.framework",
				"${BUILT_PRODUCTS_DIR}/CocoaAsyncSocket/CocoaAsyncSocket.framework",
				"${BUILT_PRODUCTS_DIR}/CocoaMQTT/CocoaMQTT.framework",
				"${BUILT_PRODUCTS_DIR}/SwiftyJSON/SwiftyJSON.framework",
			);
			name = "[CP] Embed Pods Frameworks";
			outputFileListPaths = (
			);
			outputPaths = (
				"${TARGET_BUILD_DIR}/${FRAMEWORKS_FOLDER_PATH}/Alamofire.framework",
				"${TARGET_BUILD_DIR}/${FRAMEWORKS_FOLDER_PATH}/CocoaAsyncSocket.framework",
				"${TARGET_BUILD_DIR}/${FRAMEWORKS_FOLDER_PATH}/CocoaMQTT.framework",
				"${TARGET_BUILD_DIR}/${FRAMEWORKS_FOLDER_PATH}/SwiftyJSON.framework",
			);
			runOnlyForDeploymentPostprocessing = 0;
			shellPath = /bin/sh;
			shellScript = "\"${PODS_ROOT}/Target Support Files/Pods-Perfilometro/Pods-Perfilometro-frameworks.sh\"\n";
			showEnvVarsInLog = 0;
		};
		E5C59CE1A2BEC019E9EDCEAA /* [CP] Check Pods Manifest.lock */ = {
			isa = PBXShellScriptBuildPhase;
			buildActionMask = 2147483647;
			files = (
			);
			inputFileListPaths = (
			);
			inputPaths = (
				"${PODS_PODFILE_DIR_PATH}/Podfile.lock",
				"${PODS_ROOT}/Manifest.lock",
			);
			name = "[CP] Check Pods Manifest.lock";
			outputFileListPaths = (
			);
			outputPaths = (
				"$(DERIVED_FILE_DIR)/Pods-PerfilometroUITests-checkManifestLockResult.txt",
			);
			runOnlyForDeploymentPostprocessing = 0;
			shellPath = /bin/sh;
			shellScript = "diff \"${PODS_PODFILE_DIR_PATH}/Podfile.lock\" \"${PODS_ROOT}/Manifest.lock\" > /dev/null\nif [ $? != 0 ] ; then\n    # print error to STDERR\n    echo \"error: The sandbox is not in sync with the Podfile.lock. Run 'pod install' or update your CocoaPods installation.\" >&2\n    exit 1\nfi\n# This output is used by Xcode 'outputs' to avoid re-running this script phase.\necho \"SUCCESS\" > \"${SCRIPT_OUTPUT_FILE_0}\"\n";
			showEnvVarsInLog = 0;
		};
		E9471ED21F661679D4A6EC99 /* [CP] Copy Pods Resources */ = {
			isa = PBXShellScriptBuildPhase;
			buildActionMask = 2147483647;
			files = (
			);
			inputFileListPaths = (
			);
			inputPaths = (
				"${PODS_ROOT}/Target Support Files/Pods-Perfilometro/Pods-Perfilometro-resources.sh",
				"${PODS_ROOT}/GoogleMaps/Maps/Frameworks/GoogleMaps.framework/Resources/GoogleMaps.bundle",
				"${PODS_ROOT}/GooglePlaces/Frameworks/GooglePlaces.framework/Resources/GooglePlaces.bundle",
			);
			name = "[CP] Copy Pods Resources";
			outputFileListPaths = (
			);
			outputPaths = (
				"${TARGET_BUILD_DIR}/${UNLOCALIZED_RESOURCES_FOLDER_PATH}/GoogleMaps.bundle",
				"${TARGET_BUILD_DIR}/${UNLOCALIZED_RESOURCES_FOLDER_PATH}/GooglePlaces.bundle",
			);
			runOnlyForDeploymentPostprocessing = 0;
			shellPath = /bin/sh;
			shellScript = "\"${PODS_ROOT}/Target Support Files/Pods-Perfilometro/Pods-Perfilometro-resources.sh\"\n";
			showEnvVarsInLog = 0;
		};
/* End PBXShellScriptBuildPhase section */

/* Begin PBXSourcesBuildPhase section */
		AD750BA1226FEF8000140400 /* Sources */ = {
			isa = PBXSourcesBuildPhase;
			buildActionMask = 2147483647;
			files = (
				ADE952DB22CFBDEF00BC5F6A /* RoadEndpoint.swift in Sources */,
				ADB7936A22D452590002E217 /* GraphicSettings.swift in Sources */,
				D4AA71A422B742F40095B252 /* CalibrateSensorsRouter.swift in Sources */,
				AD90236422924C0000AE7D78 /* FindRouteRouter.swift in Sources */,
				D4AA71B322B745210095B252 /* RouteResultsPresenter.swift in Sources */,
				D4DC652A22987AB400A74C2D /* HTTPNetworkManager.swift in Sources */,
				D4AA71B122B745210095B252 /* RouteResultsModels.swift in Sources */,
				AD36DD2822C93EB700374DCB /* AnimatedSwitch.swift in Sources */,
				D4AA71B422B745210095B252 /* RouteResultsRouter.swift in Sources */,
				D4AA719F22B742F40095B252 /* CalibrateSensorsModels.swift in Sources */,
				D4AA71A022B742F40095B252 /* CalibrateSensorsInteractor.swift in Sources */,
				AD90236522924C0000AE7D78 /* FindRouteModels.swift in Sources */,
				D4AA71B622B745210095B252 /* RouteResultsInteractor.swift in Sources */,
				D4AA71A222B742F40095B252 /* CalibrateSensorsViewController.swift in Sources */,
				AD90236622924C0000AE7D78 /* FindRouteViewController.swift in Sources */,
				ADB7936122D431D60002E217 /* Date+extension.swift in Sources */,
				D4DC653E22987ACC00A74C2D /* TabBarViewController.swift in Sources */,
				D454D78922CE9D480000DDAE /* MQTT_Manager.swift in Sources */,
				D4AA715F22B3DA440095B252 /* SingleResultViewController.swift in Sources */,
				ADB7936422D443220002E217 /* JSONFormatter.swift in Sources */,
				D4DC652B22987AB400A74C2D /* Endpoint.swift in Sources */,
				D4AA71C222B75D940095B252 /* MoveCameraDelegate.swift in Sources */,
				ADF31F8A22C9484B0052B777 /* CallibrateSensorsTableViewController.swift in Sources */,
				AD750BA9226FEF8000140400 /* AppDelegate.swift in Sources */,
				D4AA716222B3DFD60095B252 /* Road.swift in Sources */,
				AD90236322924C0000AE7D78 /* FindRouteWorker.swift in Sources */,
				D4AA71C022B75D7C0095B252 /* CameraControll.swift in Sources */,
				ADFDD0A622C7D8D30033BB91 /* UIMapViewDesignable.swift in Sources */,
				AD90236222924C0000AE7D78 /* FindRoutePresenter.swift in Sources */,
				D4AA71B722B745210095B252 /* RouteResultsViewController.swift in Sources */,
				AD90236722924C0000AE7D78 /* FindRouteInteractor.swift in Sources */,
				D4AA71B222B745210095B252 /* RouteResultsWorker.swift in Sources */,
				D4AA71A122B742F40095B252 /* CalibrateSensorsWorker.swift in Sources */,
				AD36DD2622C8EAAA00374DCB /* SingleResultsTableViewController.swift in Sources */,
				D4AA71A322B742F40095B252 /* CalibrateSensorsPresenter.swift in Sources */,
				D4DC652C22987AB400A74C2D /* BluetoothManager.swift in Sources */,
				D4AA71B522B745210095B252 /* ResultsTableViewCell.swift in Sources */,
			);
			runOnlyForDeploymentPostprocessing = 0;
		};
		AD750BB5226FEF8200140400 /* Sources */ = {
			isa = PBXSourcesBuildPhase;
			buildActionMask = 2147483647;
			files = (
				AD750BBE226FEF8200140400 /* PerfilometroTests.swift in Sources */,
			);
			runOnlyForDeploymentPostprocessing = 0;
		};
		AD750BC0226FEF8200140400 /* Sources */ = {
			isa = PBXSourcesBuildPhase;
			buildActionMask = 2147483647;
			files = (
				AD750BC9226FEF8200140400 /* PerfilometroUITests.swift in Sources */,
			);
			runOnlyForDeploymentPostprocessing = 0;
		};
/* End PBXSourcesBuildPhase section */

/* Begin PBXTargetDependency section */
		AD750BBB226FEF8200140400 /* PBXTargetDependency */ = {
			isa = PBXTargetDependency;
			target = AD750BA4226FEF8000140400 /* Perfilometro */;
			targetProxy = AD750BBA226FEF8200140400 /* PBXContainerItemProxy */;
		};
		AD750BC6226FEF8200140400 /* PBXTargetDependency */ = {
			isa = PBXTargetDependency;
			target = AD750BA4226FEF8000140400 /* Perfilometro */;
			targetProxy = AD750BC5226FEF8200140400 /* PBXContainerItemProxy */;
		};
/* End PBXTargetDependency section */

/* Begin PBXVariantGroup section */
		AD750BB1226FEF8200140400 /* LaunchScreen.storyboard */ = {
			isa = PBXVariantGroup;
			children = (
				D445D0612295DE33007960E8 /* Base */,
			);
			name = LaunchScreen.storyboard;
			sourceTree = "<group>";
		};
/* End PBXVariantGroup section */

/* Begin XCBuildConfiguration section */
		AD750BCB226FEF8200140400 /* Debug */ = {
			isa = XCBuildConfiguration;
			buildSettings = {
				ALWAYS_SEARCH_USER_PATHS = NO;
				CLANG_ANALYZER_NONNULL = YES;
				CLANG_ANALYZER_NUMBER_OBJECT_CONVERSION = YES_AGGRESSIVE;
				CLANG_CXX_LANGUAGE_STANDARD = "gnu++14";
				CLANG_CXX_LIBRARY = "libc++";
				CLANG_ENABLE_MODULES = YES;
				CLANG_ENABLE_OBJC_ARC = YES;
				CLANG_ENABLE_OBJC_WEAK = YES;
				CLANG_WARN_BLOCK_CAPTURE_AUTORELEASING = YES;
				CLANG_WARN_BOOL_CONVERSION = YES;
				CLANG_WARN_COMMA = YES;
				CLANG_WARN_CONSTANT_CONVERSION = YES;
				CLANG_WARN_DEPRECATED_OBJC_IMPLEMENTATIONS = YES;
				CLANG_WARN_DIRECT_OBJC_ISA_USAGE = YES_ERROR;
				CLANG_WARN_DOCUMENTATION_COMMENTS = YES;
				CLANG_WARN_EMPTY_BODY = YES;
				CLANG_WARN_ENUM_CONVERSION = YES;
				CLANG_WARN_INFINITE_RECURSION = YES;
				CLANG_WARN_INT_CONVERSION = YES;
				CLANG_WARN_NON_LITERAL_NULL_CONVERSION = YES;
				CLANG_WARN_OBJC_IMPLICIT_RETAIN_SELF = YES;
				CLANG_WARN_OBJC_LITERAL_CONVERSION = YES;
				CLANG_WARN_OBJC_ROOT_CLASS = YES_ERROR;
				CLANG_WARN_RANGE_LOOP_ANALYSIS = YES;
				CLANG_WARN_STRICT_PROTOTYPES = YES;
				CLANG_WARN_SUSPICIOUS_MOVE = YES;
				CLANG_WARN_UNGUARDED_AVAILABILITY = YES_AGGRESSIVE;
				CLANG_WARN_UNREACHABLE_CODE = YES;
				CLANG_WARN__DUPLICATE_METHOD_MATCH = YES;
				CODE_SIGN_IDENTITY = "iPhone Developer";
				COPY_PHASE_STRIP = NO;
				DEBUG_INFORMATION_FORMAT = dwarf;
				ENABLE_STRICT_OBJC_MSGSEND = YES;
				ENABLE_TESTABILITY = YES;
				GCC_C_LANGUAGE_STANDARD = gnu11;
				GCC_DYNAMIC_NO_PIC = NO;
				GCC_NO_COMMON_BLOCKS = YES;
				GCC_OPTIMIZATION_LEVEL = 0;
				GCC_PREPROCESSOR_DEFINITIONS = (
					"DEBUG=1",
					"$(inherited)",
				);
				GCC_WARN_64_TO_32_BIT_CONVERSION = YES;
				GCC_WARN_ABOUT_RETURN_TYPE = YES_ERROR;
				GCC_WARN_UNDECLARED_SELECTOR = YES;
				GCC_WARN_UNINITIALIZED_AUTOS = YES_AGGRESSIVE;
				GCC_WARN_UNUSED_FUNCTION = YES;
				GCC_WARN_UNUSED_VARIABLE = YES;
				IPHONEOS_DEPLOYMENT_TARGET = 12.2;
				MTL_ENABLE_DEBUG_INFO = INCLUDE_SOURCE;
				MTL_FAST_MATH = YES;
				ONLY_ACTIVE_ARCH = YES;
				SDKROOT = iphoneos;
				SWIFT_ACTIVE_COMPILATION_CONDITIONS = DEBUG;
				SWIFT_OPTIMIZATION_LEVEL = "-Onone";
				SWIFT_VERSION = 5.0;
			};
			name = Debug;
		};
		AD750BCC226FEF8200140400 /* Release */ = {
			isa = XCBuildConfiguration;
			buildSettings = {
				ALWAYS_SEARCH_USER_PATHS = NO;
				CLANG_ANALYZER_NONNULL = YES;
				CLANG_ANALYZER_NUMBER_OBJECT_CONVERSION = YES_AGGRESSIVE;
				CLANG_CXX_LANGUAGE_STANDARD = "gnu++14";
				CLANG_CXX_LIBRARY = "libc++";
				CLANG_ENABLE_MODULES = YES;
				CLANG_ENABLE_OBJC_ARC = YES;
				CLANG_ENABLE_OBJC_WEAK = YES;
				CLANG_WARN_BLOCK_CAPTURE_AUTORELEASING = YES;
				CLANG_WARN_BOOL_CONVERSION = YES;
				CLANG_WARN_COMMA = YES;
				CLANG_WARN_CONSTANT_CONVERSION = YES;
				CLANG_WARN_DEPRECATED_OBJC_IMPLEMENTATIONS = YES;
				CLANG_WARN_DIRECT_OBJC_ISA_USAGE = YES_ERROR;
				CLANG_WARN_DOCUMENTATION_COMMENTS = YES;
				CLANG_WARN_EMPTY_BODY = YES;
				CLANG_WARN_ENUM_CONVERSION = YES;
				CLANG_WARN_INFINITE_RECURSION = YES;
				CLANG_WARN_INT_CONVERSION = YES;
				CLANG_WARN_NON_LITERAL_NULL_CONVERSION = YES;
				CLANG_WARN_OBJC_IMPLICIT_RETAIN_SELF = YES;
				CLANG_WARN_OBJC_LITERAL_CONVERSION = YES;
				CLANG_WARN_OBJC_ROOT_CLASS = YES_ERROR;
				CLANG_WARN_RANGE_LOOP_ANALYSIS = YES;
				CLANG_WARN_STRICT_PROTOTYPES = YES;
				CLANG_WARN_SUSPICIOUS_MOVE = YES;
				CLANG_WARN_UNGUARDED_AVAILABILITY = YES_AGGRESSIVE;
				CLANG_WARN_UNREACHABLE_CODE = YES;
				CLANG_WARN__DUPLICATE_METHOD_MATCH = YES;
				CODE_SIGN_IDENTITY = "iPhone Developer";
				COPY_PHASE_STRIP = NO;
				DEBUG_INFORMATION_FORMAT = "dwarf-with-dsym";
				ENABLE_NS_ASSERTIONS = NO;
				ENABLE_STRICT_OBJC_MSGSEND = YES;
				GCC_C_LANGUAGE_STANDARD = gnu11;
				GCC_NO_COMMON_BLOCKS = YES;
				GCC_WARN_64_TO_32_BIT_CONVERSION = YES;
				GCC_WARN_ABOUT_RETURN_TYPE = YES_ERROR;
				GCC_WARN_UNDECLARED_SELECTOR = YES;
				GCC_WARN_UNINITIALIZED_AUTOS = YES_AGGRESSIVE;
				GCC_WARN_UNUSED_FUNCTION = YES;
				GCC_WARN_UNUSED_VARIABLE = YES;
				IPHONEOS_DEPLOYMENT_TARGET = 12.2;
				MTL_ENABLE_DEBUG_INFO = NO;
				MTL_FAST_MATH = YES;
				SDKROOT = iphoneos;
				SWIFT_COMPILATION_MODE = wholemodule;
				SWIFT_OPTIMIZATION_LEVEL = "-O";
				SWIFT_VERSION = 5.0;
				VALIDATE_PRODUCT = YES;
			};
			name = Release;
		};
		AD750BCE226FEF8200140400 /* Debug */ = {
			isa = XCBuildConfiguration;
			baseConfigurationReference = 99987A0154557D6E7B5C1753 /* Pods-Perfilometro.debug.xcconfig */;
			buildSettings = {
				ASSETCATALOG_COMPILER_APPICON_NAME = AppIcon;
				CODE_SIGN_STYLE = Automatic;
				DEVELOPMENT_TEAM = 9WNM2GU386;
				INFOPLIST_FILE = Perfilometro/Info.plist;
				IPHONEOS_DEPLOYMENT_TARGET = 12.1;
				LD_RUNPATH_SEARCH_PATHS = (
					"$(inherited)",
					"@executable_path/Frameworks",
				);
				PRODUCT_BUNDLE_IDENTIFIER = com.peperro.Perfilometro;
				PRODUCT_NAME = "$(TARGET_NAME)";
				SWIFT_VERSION = 5.0;
				TARGETED_DEVICE_FAMILY = "1,2";
			};
			name = Debug;
		};
		AD750BCF226FEF8200140400 /* Release */ = {
			isa = XCBuildConfiguration;
			baseConfigurationReference = F44EE874347D99E4E1E81473 /* Pods-Perfilometro.release.xcconfig */;
			buildSettings = {
				ASSETCATALOG_COMPILER_APPICON_NAME = AppIcon;
				CODE_SIGN_STYLE = Automatic;
				DEVELOPMENT_TEAM = 9WNM2GU386;
				INFOPLIST_FILE = Perfilometro/Info.plist;
				IPHONEOS_DEPLOYMENT_TARGET = 12.1;
				LD_RUNPATH_SEARCH_PATHS = (
					"$(inherited)",
					"@executable_path/Frameworks",
				);
				PRODUCT_BUNDLE_IDENTIFIER = com.peperro.Perfilometro;
				PRODUCT_NAME = "$(TARGET_NAME)";
				SWIFT_VERSION = 5.0;
				TARGETED_DEVICE_FAMILY = "1,2";
			};
			name = Release;
		};
		AD750BD1226FEF8200140400 /* Debug */ = {
			isa = XCBuildConfiguration;
			baseConfigurationReference = 5AD635516488B0D4F5437D6C /* Pods-PerfilometroTests.debug.xcconfig */;
			buildSettings = {
				ALWAYS_EMBED_SWIFT_STANDARD_LIBRARIES = YES;
				BUNDLE_LOADER = "$(TEST_HOST)";
				CODE_SIGN_STYLE = Automatic;
				DEVELOPMENT_TEAM = 9WNM2GU386;
				INFOPLIST_FILE = PerfilometroTests/Info.plist;
				IPHONEOS_DEPLOYMENT_TARGET = 12.1;
				LD_RUNPATH_SEARCH_PATHS = (
					"$(inherited)",
					"@executable_path/Frameworks",
					"@loader_path/Frameworks",
				);
				PRODUCT_BUNDLE_IDENTIFIER = com.peperro.PerfilometroTests;
				PRODUCT_NAME = "$(TARGET_NAME)";
				SWIFT_VERSION = 5.0;
				TARGETED_DEVICE_FAMILY = "1,2";
				TEST_HOST = "$(BUILT_PRODUCTS_DIR)/Perfilometro.app/Perfilometro";
			};
			name = Debug;
		};
		AD750BD2226FEF8200140400 /* Release */ = {
			isa = XCBuildConfiguration;
			baseConfigurationReference = 8B950F0D376D47D90D59BA2C /* Pods-PerfilometroTests.release.xcconfig */;
			buildSettings = {
				ALWAYS_EMBED_SWIFT_STANDARD_LIBRARIES = YES;
				BUNDLE_LOADER = "$(TEST_HOST)";
				CODE_SIGN_STYLE = Automatic;
				DEVELOPMENT_TEAM = 9WNM2GU386;
				INFOPLIST_FILE = PerfilometroTests/Info.plist;
				IPHONEOS_DEPLOYMENT_TARGET = 12.1;
				LD_RUNPATH_SEARCH_PATHS = (
					"$(inherited)",
					"@executable_path/Frameworks",
					"@loader_path/Frameworks",
				);
				PRODUCT_BUNDLE_IDENTIFIER = com.peperro.PerfilometroTests;
				PRODUCT_NAME = "$(TARGET_NAME)";
				SWIFT_VERSION = 5.0;
				TARGETED_DEVICE_FAMILY = "1,2";
				TEST_HOST = "$(BUILT_PRODUCTS_DIR)/Perfilometro.app/Perfilometro";
			};
			name = Release;
		};
		AD750BD4226FEF8200140400 /* Debug */ = {
			isa = XCBuildConfiguration;
			baseConfigurationReference = 28BE6DD30B7A0117B290CDD0 /* Pods-PerfilometroUITests.debug.xcconfig */;
			buildSettings = {
				ALWAYS_EMBED_SWIFT_STANDARD_LIBRARIES = YES;
				CODE_SIGN_STYLE = Automatic;
				DEVELOPMENT_TEAM = 9WNM2GU386;
				INFOPLIST_FILE = PerfilometroUITests/Info.plist;
				IPHONEOS_DEPLOYMENT_TARGET = 12.1;
				LD_RUNPATH_SEARCH_PATHS = (
					"$(inherited)",
					"@executable_path/Frameworks",
					"@loader_path/Frameworks",
				);
				PRODUCT_BUNDLE_IDENTIFIER = com.peperro.PerfilometroUITests;
				PRODUCT_NAME = "$(TARGET_NAME)";
				SWIFT_VERSION = 5.0;
				TARGETED_DEVICE_FAMILY = "1,2";
				TEST_TARGET_NAME = Perfilometro;
			};
			name = Debug;
		};
		AD750BD5226FEF8200140400 /* Release */ = {
			isa = XCBuildConfiguration;
			baseConfigurationReference = C582329E0652907259329EA3 /* Pods-PerfilometroUITests.release.xcconfig */;
			buildSettings = {
				ALWAYS_EMBED_SWIFT_STANDARD_LIBRARIES = YES;
				CODE_SIGN_STYLE = Automatic;
				DEVELOPMENT_TEAM = 9WNM2GU386;
				INFOPLIST_FILE = PerfilometroUITests/Info.plist;
				IPHONEOS_DEPLOYMENT_TARGET = 12.1;
				LD_RUNPATH_SEARCH_PATHS = (
					"$(inherited)",
					"@executable_path/Frameworks",
					"@loader_path/Frameworks",
				);
				PRODUCT_BUNDLE_IDENTIFIER = com.peperro.PerfilometroUITests;
				PRODUCT_NAME = "$(TARGET_NAME)";
				SWIFT_VERSION = 5.0;
				TARGETED_DEVICE_FAMILY = "1,2";
				TEST_TARGET_NAME = Perfilometro;
			};
			name = Release;
		};
/* End XCBuildConfiguration section */

/* Begin XCConfigurationList section */
		AD750BA0226FEF8000140400 /* Build configuration list for PBXProject "Perfilometro" */ = {
			isa = XCConfigurationList;
			buildConfigurations = (
				AD750BCB226FEF8200140400 /* Debug */,
				AD750BCC226FEF8200140400 /* Release */,
			);
			defaultConfigurationIsVisible = 0;
			defaultConfigurationName = Release;
		};
		AD750BCD226FEF8200140400 /* Build configuration list for PBXNativeTarget "Perfilometro" */ = {
			isa = XCConfigurationList;
			buildConfigurations = (
				AD750BCE226FEF8200140400 /* Debug */,
				AD750BCF226FEF8200140400 /* Release */,
			);
			defaultConfigurationIsVisible = 0;
			defaultConfigurationName = Release;
		};
		AD750BD0226FEF8200140400 /* Build configuration list for PBXNativeTarget "PerfilometroTests" */ = {
			isa = XCConfigurationList;
			buildConfigurations = (
				AD750BD1226FEF8200140400 /* Debug */,
				AD750BD2226FEF8200140400 /* Release */,
			);
			defaultConfigurationIsVisible = 0;
			defaultConfigurationName = Release;
		};
		AD750BD3226FEF8200140400 /* Build configuration list for PBXNativeTarget "PerfilometroUITests" */ = {
			isa = XCConfigurationList;
			buildConfigurations = (
				AD750BD4226FEF8200140400 /* Debug */,
				AD750BD5226FEF8200140400 /* Release */,
			);
			defaultConfigurationIsVisible = 0;
			defaultConfigurationName = Release;
		};
/* End XCConfigurationList section */
	};
	rootObject = AD750B9D226FEF8000140400 /* Project object */;
}
