// !$*UTF8*$!
{
	archiveVersion = 1;
	classes = {
	};
	objectVersion = 50;
	objects = {

/* Begin PBXBuildFile section */
		AD750BBE226FEF8200140400 /* PerfilometroTests.swift in Sources */ = {isa = PBXBuildFile; fileRef = AD750BBD226FEF8200140400 /* PerfilometroTests.swift */; };
		AD750BC9226FEF8200140400 /* PerfilometroUITests.swift in Sources */ = {isa = PBXBuildFile; fileRef = AD750BC8226FEF8200140400 /* PerfilometroUITests.swift */; };
		ADE3F7B4228515EF0094A699 /* BluetoothManager.swift in Sources */ = {isa = PBXBuildFile; fileRef = ADE3F7B3228515EF0094A699 /* BluetoothManager.swift */; };
		D445D04E2295DDDA007960E8 /* HTTPNetworkManager.swift in Sources */ = {isa = PBXBuildFile; fileRef = D445D04C2295DDDA007960E8 /* HTTPNetworkManager.swift */; };
		D445D04F2295DDDA007960E8 /* Endpoint.swift in Sources */ = {isa = PBXBuildFile; fileRef = D445D04D2295DDDA007960E8 /* Endpoint.swift */; };
		D445D0582295DE10007960E8 /* FindRouteModels.swift in Sources */ = {isa = PBXBuildFile; fileRef = D445D0522295DE10007960E8 /* FindRouteModels.swift */; };
		D445D0592295DE10007960E8 /* FindRouteRouter.swift in Sources */ = {isa = PBXBuildFile; fileRef = D445D0532295DE10007960E8 /* FindRouteRouter.swift */; };
		D445D05A2295DE10007960E8 /* FindRouteWorker.swift in Sources */ = {isa = PBXBuildFile; fileRef = D445D0542295DE10007960E8 /* FindRouteWorker.swift */; };
		D445D05B2295DE10007960E8 /* FindRoutePresenter.swift in Sources */ = {isa = PBXBuildFile; fileRef = D445D0552295DE10007960E8 /* FindRoutePresenter.swift */; };
		D445D05C2295DE10007960E8 /* FindRouteViewController.swift in Sources */ = {isa = PBXBuildFile; fileRef = D445D0562295DE10007960E8 /* FindRouteViewController.swift */; };
		D445D05D2295DE10007960E8 /* FindRouteInteractor.swift in Sources */ = {isa = PBXBuildFile; fileRef = D445D0572295DE10007960E8 /* FindRouteInteractor.swift */; };
		D445D0632295DE33007960E8 /* Assets.xcassets in Resources */ = {isa = PBXBuildFile; fileRef = D445D05F2295DE33007960E8 /* Assets.xcassets */; };
		D445D0642295DE33007960E8 /* LaunchScreen.storyboard in Resources */ = {isa = PBXBuildFile; fileRef = D445D0602295DE33007960E8 /* LaunchScreen.storyboard */; };
		D445D0652295DE33007960E8 /* AppDelegate.swift in Sources */ = {isa = PBXBuildFile; fileRef = D445D0622295DE33007960E8 /* AppDelegate.swift */; };
		D445D0692295DE3F007960E8 /* TabBarViewController.swift in Sources */ = {isa = PBXBuildFile; fileRef = D445D0672295DE3F007960E8 /* TabBarViewController.swift */; };
		D445D06A2295DE3F007960E8 /* TabBarViewController.storyboard in Resources */ = {isa = PBXBuildFile; fileRef = D445D0682295DE3F007960E8 /* TabBarViewController.storyboard */; };
		D445D06F2295E7E8007960E8 /* CalibrateView.storyboard in Resources */ = {isa = PBXBuildFile; fileRef = D445D06E2295E7E8007960E8 /* CalibrateView.storyboard */; };
		D445D0712295E7F8007960E8 /* ResultsView.storyboard in Resources */ = {isa = PBXBuildFile; fileRef = D445D0702295E7F8007960E8 /* ResultsView.storyboard */; };
		D445D0732295E803007960E8 /* TraceRouteView.storyboard in Resources */ = {isa = PBXBuildFile; fileRef = D445D0722295E803007960E8 /* TraceRouteView.storyboard */; };
		D445D0762295FA88007960E8 /* RegisterRoute.storyboard in Resources */ = {isa = PBXBuildFile; fileRef = D445D0752295FA88007960E8 /* RegisterRoute.storyboard */; };
		D445D07822960426007960E8 /* RouteProfile.storyboard in Resources */ = {isa = PBXBuildFile; fileRef = D445D07722960426007960E8 /* RouteProfile.storyboard */; };
/* End PBXBuildFile section */

/* Begin PBXContainerItemProxy section */
		AD750BBA226FEF8200140400 /* PBXContainerItemProxy */ = {
			isa = PBXContainerItemProxy;
			containerPortal = AD750B9D226FEF8000140400 /* Project object */;
			proxyType = 1;
			remoteGlobalIDString = AD750BA4226FEF8000140400;
			remoteInfo = Perfilometro;
		};
		AD750BC5226FEF8200140400 /* PBXContainerItemProxy */ = {
			isa = PBXContainerItemProxy;
			containerPortal = AD750B9D226FEF8000140400 /* Project object */;
			proxyType = 1;
			remoteGlobalIDString = AD750BA4226FEF8000140400;
			remoteInfo = Perfilometro;
		};
/* End PBXContainerItemProxy section */

/* Begin PBXFileReference section */
		AD750BA5226FEF8000140400 /* Perfilometro.app */ = {isa = PBXFileReference; explicitFileType = wrapper.application; includeInIndex = 0; path = Perfilometro.app; sourceTree = BUILT_PRODUCTS_DIR; };
		AD750BB4226FEF8200140400 /* Info.plist */ = {isa = PBXFileReference; lastKnownFileType = text.plist.xml; path = Info.plist; sourceTree = "<group>"; };
		AD750BB9226FEF8200140400 /* PerfilometroTests.xctest */ = {isa = PBXFileReference; explicitFileType = wrapper.cfbundle; includeInIndex = 0; path = PerfilometroTests.xctest; sourceTree = BUILT_PRODUCTS_DIR; };
		AD750BBD226FEF8200140400 /* PerfilometroTests.swift */ = {isa = PBXFileReference; lastKnownFileType = sourcecode.swift; path = PerfilometroTests.swift; sourceTree = "<group>"; };
		AD750BBF226FEF8200140400 /* Info.plist */ = {isa = PBXFileReference; lastKnownFileType = text.plist.xml; path = Info.plist; sourceTree = "<group>"; };
		AD750BC4226FEF8200140400 /* PerfilometroUITests.xctest */ = {isa = PBXFileReference; explicitFileType = wrapper.cfbundle; includeInIndex = 0; path = PerfilometroUITests.xctest; sourceTree = BUILT_PRODUCTS_DIR; };
		AD750BC8226FEF8200140400 /* PerfilometroUITests.swift */ = {isa = PBXFileReference; lastKnownFileType = sourcecode.swift; path = PerfilometroUITests.swift; sourceTree = "<group>"; };
		AD750BCA226FEF8200140400 /* Info.plist */ = {isa = PBXFileReference; lastKnownFileType = text.plist.xml; path = Info.plist; sourceTree = "<group>"; };
		ADE3F7B3228515EF0094A699 /* BluetoothManager.swift */ = {isa = PBXFileReference; lastKnownFileType = sourcecode.swift; path = BluetoothManager.swift; sourceTree = "<group>"; };
		D445D04C2295DDDA007960E8 /* HTTPNetworkManager.swift */ = {isa = PBXFileReference; fileEncoding = 4; lastKnownFileType = sourcecode.swift; path = HTTPNetworkManager.swift; sourceTree = "<group>"; };
		D445D04D2295DDDA007960E8 /* Endpoint.swift */ = {isa = PBXFileReference; fileEncoding = 4; lastKnownFileType = sourcecode.swift; path = Endpoint.swift; sourceTree = "<group>"; };
		D445D0522295DE10007960E8 /* FindRouteModels.swift */ = {isa = PBXFileReference; fileEncoding = 4; lastKnownFileType = sourcecode.swift; path = FindRouteModels.swift; sourceTree = "<group>"; };
		D445D0532295DE10007960E8 /* FindRouteRouter.swift */ = {isa = PBXFileReference; fileEncoding = 4; lastKnownFileType = sourcecode.swift; path = FindRouteRouter.swift; sourceTree = "<group>"; };
		D445D0542295DE10007960E8 /* FindRouteWorker.swift */ = {isa = PBXFileReference; fileEncoding = 4; lastKnownFileType = sourcecode.swift; path = FindRouteWorker.swift; sourceTree = "<group>"; };
		D445D0552295DE10007960E8 /* FindRoutePresenter.swift */ = {isa = PBXFileReference; fileEncoding = 4; lastKnownFileType = sourcecode.swift; path = FindRoutePresenter.swift; sourceTree = "<group>"; };
		D445D0562295DE10007960E8 /* FindRouteViewController.swift */ = {isa = PBXFileReference; fileEncoding = 4; lastKnownFileType = sourcecode.swift; path = FindRouteViewController.swift; sourceTree = "<group>"; };
		D445D0572295DE10007960E8 /* FindRouteInteractor.swift */ = {isa = PBXFileReference; fileEncoding = 4; lastKnownFileType = sourcecode.swift; path = FindRouteInteractor.swift; sourceTree = "<group>"; };
		D445D05F2295DE33007960E8 /* Assets.xcassets */ = {isa = PBXFileReference; lastKnownFileType = folder.assetcatalog; path = Assets.xcassets; sourceTree = "<group>"; };
		D445D0612295DE33007960E8 /* Base */ = {isa = PBXFileReference; lastKnownFileType = file.storyboard; name = Base; path = Base.lproj/LaunchScreen.storyboard; sourceTree = "<group>"; };
		D445D0622295DE33007960E8 /* AppDelegate.swift */ = {isa = PBXFileReference; fileEncoding = 4; lastKnownFileType = sourcecode.swift; path = AppDelegate.swift; sourceTree = "<group>"; };
		D445D0672295DE3F007960E8 /* TabBarViewController.swift */ = {isa = PBXFileReference; fileEncoding = 4; lastKnownFileType = sourcecode.swift; path = TabBarViewController.swift; sourceTree = "<group>"; };
		D445D0682295DE3F007960E8 /* TabBarViewController.storyboard */ = {isa = PBXFileReference; fileEncoding = 4; lastKnownFileType = file.storyboard; path = TabBarViewController.storyboard; sourceTree = "<group>"; };
		D445D06E2295E7E8007960E8 /* CalibrateView.storyboard */ = {isa = PBXFileReference; lastKnownFileType = file.storyboard; path = CalibrateView.storyboard; sourceTree = "<group>"; };
		D445D0702295E7F8007960E8 /* ResultsView.storyboard */ = {isa = PBXFileReference; lastKnownFileType = file.storyboard; path = ResultsView.storyboard; sourceTree = "<group>"; };
		D445D0722295E803007960E8 /* TraceRouteView.storyboard */ = {isa = PBXFileReference; lastKnownFileType = file.storyboard; path = TraceRouteView.storyboard; sourceTree = "<group>"; };
		D445D0752295FA88007960E8 /* RegisterRoute.storyboard */ = {isa = PBXFileReference; lastKnownFileType = file.storyboard; path = RegisterRoute.storyboard; sourceTree = "<group>"; };
		D445D07722960426007960E8 /* RouteProfile.storyboard */ = {isa = PBXFileReference; lastKnownFileType = file.storyboard; path = RouteProfile.storyboard; sourceTree = "<group>"; };
/* End PBXFileReference section */

/* Begin PBXFrameworksBuildPhase section */
		AD750BA2226FEF8000140400 /* Frameworks */ = {
			isa = PBXFrameworksBuildPhase;
			buildActionMask = 2147483647;
			files = (
			);
			runOnlyForDeploymentPostprocessing = 0;
		};
		AD750BB6226FEF8200140400 /* Frameworks */ = {
			isa = PBXFrameworksBuildPhase;
			buildActionMask = 2147483647;
			files = (
			);
			runOnlyForDeploymentPostprocessing = 0;
		};
		AD750BC1226FEF8200140400 /* Frameworks */ = {
			isa = PBXFrameworksBuildPhase;
			buildActionMask = 2147483647;
			files = (
			);
			runOnlyForDeploymentPostprocessing = 0;
		};
/* End PBXFrameworksBuildPhase section */

/* Begin PBXGroup section */
		AD750B9C226FEF8000140400 = {
			isa = PBXGroup;
			children = (
				AD750BA7226FEF8000140400 /* Perfilometro */,
				AD750BBC226FEF8200140400 /* PerfilometroTests */,
				AD750BC7226FEF8200140400 /* PerfilometroUITests */,
				AD750BA6226FEF8000140400 /* Products */,
			);
			sourceTree = "<group>";
		};
		AD750BA6226FEF8000140400 /* Products */ = {
			isa = PBXGroup;
			children = (
				AD750BA5226FEF8000140400 /* Perfilometro.app */,
				AD750BB9226FEF8200140400 /* PerfilometroTests.xctest */,
				AD750BC4226FEF8200140400 /* PerfilometroUITests.xctest */,
			);
			name = Products;
			sourceTree = "<group>";
		};
		AD750BA7226FEF8000140400 /* Perfilometro */ = {
			isa = PBXGroup;
			children = (
				ADE3F7B0228515770094A699 /* Network */,
				D445D05E2295DE33007960E8 /* Supporting Files */,
				D445D0502295DE10007960E8 /* Scenes */,
				D445D0662295DE3F007960E8 /* Views */,
				AD750BB4226FEF8200140400 /* Info.plist */,
			);
			path = Perfilometro;
			sourceTree = "<group>";
		};
		AD750BBC226FEF8200140400 /* PerfilometroTests */ = {
			isa = PBXGroup;
			children = (
				AD750BBD226FEF8200140400 /* PerfilometroTests.swift */,
				AD750BBF226FEF8200140400 /* Info.plist */,
			);
			path = PerfilometroTests;
			sourceTree = "<group>";
		};
		AD750BC7226FEF8200140400 /* PerfilometroUITests */ = {
			isa = PBXGroup;
			children = (
				AD750BC8226FEF8200140400 /* PerfilometroUITests.swift */,
				AD750BCA226FEF8200140400 /* Info.plist */,
			);
			path = PerfilometroUITests;
			sourceTree = "<group>";
		};
		ADE3F7B0228515770094A699 /* Network */ = {
			isa = PBXGroup;
			children = (
				ADE3F7B2228515C30094A699 /* Bluetooth */,
				ADE3F7B1228515AE0094A699 /* Http */,
			);
			path = Network;
			sourceTree = "<group>";
		};
		ADE3F7B1228515AE0094A699 /* Http */ = {
			isa = PBXGroup;
			children = (
				D445D04D2295DDDA007960E8 /* Endpoint.swift */,
				D445D04C2295DDDA007960E8 /* HTTPNetworkManager.swift */,
			);
			path = Http;
			sourceTree = "<group>";
		};
		ADE3F7B2228515C30094A699 /* Bluetooth */ = {
			isa = PBXGroup;
			children = (
				ADE3F7B3228515EF0094A699 /* BluetoothManager.swift */,
			);
			path = Bluetooth;
			sourceTree = "<group>";
		};
		D445D0502295DE10007960E8 /* Scenes */ = {
			isa = PBXGroup;
			children = (
				D445D0512295DE10007960E8 /* Find Route */,
			);
			path = Scenes;
			sourceTree = "<group>";
		};
		D445D0512295DE10007960E8 /* Find Route */ = {
			isa = PBXGroup;
			children = (
				D445D0522295DE10007960E8 /* FindRouteModels.swift */,
				D445D0532295DE10007960E8 /* FindRouteRouter.swift */,
				D445D0542295DE10007960E8 /* FindRouteWorker.swift */,
				D445D0552295DE10007960E8 /* FindRoutePresenter.swift */,
				D445D0562295DE10007960E8 /* FindRouteViewController.swift */,
				D445D0572295DE10007960E8 /* FindRouteInteractor.swift */,
			);
			path = "Find Route";
			sourceTree = "<group>";
		};
		D445D05E2295DE33007960E8 /* Supporting Files */ = {
			isa = PBXGroup;
			children = (
				D445D05F2295DE33007960E8 /* Assets.xcassets */,
				D445D0602295DE33007960E8 /* LaunchScreen.storyboard */,
				D445D0622295DE33007960E8 /* AppDelegate.swift */,
			);
			path = "Supporting Files";
			sourceTree = "<group>";
		};
		D445D0662295DE3F007960E8 /* Views */ = {
			isa = PBXGroup;
			children = (
				D445D0742295E852007960E8 /* TabBarController */,
				D445D06D2295E769007960E8 /* Calibrate */,
				D445D06C2295E75C007960E8 /* Results */,
				D445D06B2295E74A007960E8 /* TraceRoute */,
			);
			path = Views;
			sourceTree = "<group>";
		};
		D445D06B2295E74A007960E8 /* TraceRoute */ = {
			isa = PBXGroup;
			children = (
				D445D0722295E803007960E8 /* TraceRouteView.storyboard */,
				D445D0752295FA88007960E8 /* RegisterRoute.storyboard */,
			);
			path = TraceRoute;
			sourceTree = "<group>";
		};
		D445D06C2295E75C007960E8 /* Results */ = {
			isa = PBXGroup;
			children = (
				D445D0702295E7F8007960E8 /* ResultsView.storyboard */,
				D445D07722960426007960E8 /* RouteProfile.storyboard */,
			);
			path = Results;
			sourceTree = "<group>";
		};
		D445D06D2295E769007960E8 /* Calibrate */ = {
			isa = PBXGroup;
			children = (
				D445D06E2295E7E8007960E8 /* CalibrateView.storyboard */,
			);
			path = Calibrate;
			sourceTree = "<group>";
		};
		D445D0742295E852007960E8 /* TabBarController */ = {
			isa = PBXGroup;
			children = (
				D445D0672295DE3F007960E8 /* TabBarViewController.swift */,
				D445D0682295DE3F007960E8 /* TabBarViewController.storyboard */,
			);
			path = TabBarController;
			sourceTree = "<group>";
		};
/* End PBXGroup section */

/* Begin PBXNativeTarget section */
		AD750BA4226FEF8000140400 /* Perfilometro */ = {
			isa = PBXNativeTarget;
			buildConfigurationList = AD750BCD226FEF8200140400 /* Build configuration list for PBXNativeTarget "Perfilometro" */;
			buildPhases = (
				AD750BA1226FEF8000140400 /* Sources */,
				AD750BA2226FEF8000140400 /* Frameworks */,
				AD750BA3226FEF8000140400 /* Resources */,
			);
			buildRules = (
			);
			dependencies = (
			);
			name = Perfilometro;
			productName = Perfilometro;
			productReference = AD750BA5226FEF8000140400 /* Perfilometro.app */;
			productType = "com.apple.product-type.application";
		};
		AD750BB8226FEF8200140400 /* PerfilometroTests */ = {
			isa = PBXNativeTarget;
			buildConfigurationList = AD750BD0226FEF8200140400 /* Build configuration list for PBXNativeTarget "PerfilometroTests" */;
			buildPhases = (
				AD750BB5226FEF8200140400 /* Sources */,
				AD750BB6226FEF8200140400 /* Frameworks */,
				AD750BB7226FEF8200140400 /* Resources */,
			);
			buildRules = (
			);
			dependencies = (
				AD750BBB226FEF8200140400 /* PBXTargetDependency */,
			);
			name = PerfilometroTests;
			productName = PerfilometroTests;
			productReference = AD750BB9226FEF8200140400 /* PerfilometroTests.xctest */;
			productType = "com.apple.product-type.bundle.unit-test";
		};
		AD750BC3226FEF8200140400 /* PerfilometroUITests */ = {
			isa = PBXNativeTarget;
			buildConfigurationList = AD750BD3226FEF8200140400 /* Build configuration list for PBXNativeTarget "PerfilometroUITests" */;
			buildPhases = (
				AD750BC0226FEF8200140400 /* Sources */,
				AD750BC1226FEF8200140400 /* Frameworks */,
				AD750BC2226FEF8200140400 /* Resources */,
			);
			buildRules = (
			);
			dependencies = (
				AD750BC6226FEF8200140400 /* PBXTargetDependency */,
			);
			name = PerfilometroUITests;
			productName = PerfilometroUITests;
			productReference = AD750BC4226FEF8200140400 /* PerfilometroUITests.xctest */;
			productType = "com.apple.product-type.bundle.ui-testing";
		};
/* End PBXNativeTarget section */

/* Begin PBXProject section */
		AD750B9D226FEF8000140400 /* Project object */ = {
			isa = PBXProject;
			attributes = {
				LastSwiftUpdateCheck = 1020;
				LastUpgradeCheck = 1020;
				ORGANIZATIONNAME = "Miguel Pimentel";
				TargetAttributes = {
					AD750BA4226FEF8000140400 = {
						CreatedOnToolsVersion = 10.2;
					};
					AD750BB8226FEF8200140400 = {
						CreatedOnToolsVersion = 10.2;
						TestTargetID = AD750BA4226FEF8000140400;
					};
					AD750BC3226FEF8200140400 = {
						CreatedOnToolsVersion = 10.2;
						TestTargetID = AD750BA4226FEF8000140400;
					};
				};
			};
			buildConfigurationList = AD750BA0226FEF8000140400 /* Build configuration list for PBXProject "Perfilometro" */;
			compatibilityVersion = "Xcode 9.3";
			developmentRegion = en;
			hasScannedForEncodings = 0;
			knownRegions = (
				en,
				Base,
			);
			mainGroup = AD750B9C226FEF8000140400;
			productRefGroup = AD750BA6226FEF8000140400 /* Products */;
			projectDirPath = "";
			projectRoot = "";
			targets = (
				AD750BA4226FEF8000140400 /* Perfilometro */,
				AD750BB8226FEF8200140400 /* PerfilometroTests */,
				AD750BC3226FEF8200140400 /* PerfilometroUITests */,
			);
		};
/* End PBXProject section */

/* Begin PBXResourcesBuildPhase section */
		AD750BA3226FEF8000140400 /* Resources */ = {
			isa = PBXResourcesBuildPhase;
			buildActionMask = 2147483647;
			files = (
				D445D06A2295DE3F007960E8 /* TabBarViewController.storyboard in Resources */,
				D445D0732295E803007960E8 /* TraceRouteView.storyboard in Resources */,
				D445D0712295E7F8007960E8 /* ResultsView.storyboard in Resources */,
				D445D06F2295E7E8007960E8 /* CalibrateView.storyboard in Resources */,
				D445D0632295DE33007960E8 /* Assets.xcassets in Resources */,
				D445D0762295FA88007960E8 /* RegisterRoute.storyboard in Resources */,
				D445D07822960426007960E8 /* RouteProfile.storyboard in Resources */,
				D445D0642295DE33007960E8 /* LaunchScreen.storyboard in Resources */,
			);
			runOnlyForDeploymentPostprocessing = 0;
		};
		AD750BB7226FEF8200140400 /* Resources */ = {
			isa = PBXResourcesBuildPhase;
			buildActionMask = 2147483647;
			files = (
			);
			runOnlyForDeploymentPostprocessing = 0;
		};
		AD750BC2226FEF8200140400 /* Resources */ = {
			isa = PBXResourcesBuildPhase;
			buildActionMask = 2147483647;
			files = (
			);
			runOnlyForDeploymentPostprocessing = 0;
		};
/* End PBXResourcesBuildPhase section */

/* Begin PBXSourcesBuildPhase section */
		AD750BA1226FEF8000140400 /* Sources */ = {
			isa = PBXSourcesBuildPhase;
			buildActionMask = 2147483647;
			files = (
				D445D05A2295DE10007960E8 /* FindRouteWorker.swift in Sources */,
				D445D0582295DE10007960E8 /* FindRouteModels.swift in Sources */,
				D445D04E2295DDDA007960E8 /* HTTPNetworkManager.swift in Sources */,
				D445D04F2295DDDA007960E8 /* Endpoint.swift in Sources */,
				D445D0692295DE3F007960E8 /* TabBarViewController.swift in Sources */,
				D445D0592295DE10007960E8 /* FindRouteRouter.swift in Sources */,
				ADE3F7B4228515EF0094A699 /* BluetoothManager.swift in Sources */,
				D445D05B2295DE10007960E8 /* FindRoutePresenter.swift in Sources */,
				D445D05D2295DE10007960E8 /* FindRouteInteractor.swift in Sources */,
				D445D0652295DE33007960E8 /* AppDelegate.swift in Sources */,
				D445D05C2295DE10007960E8 /* FindRouteViewController.swift in Sources */,
			);
			runOnlyForDeploymentPostprocessing = 0;
		};
		AD750BB5226FEF8200140400 /* Sources */ = {
			isa = PBXSourcesBuildPhase;
			buildActionMask = 2147483647;
			files = (
				AD750BBE226FEF8200140400 /* PerfilometroTests.swift in Sources */,
			);
			runOnlyForDeploymentPostprocessing = 0;
		};
		AD750BC0226FEF8200140400 /* Sources */ = {
			isa = PBXSourcesBuildPhase;
			buildActionMask = 2147483647;
			files = (
				AD750BC9226FEF8200140400 /* PerfilometroUITests.swift in Sources */,
			);
			runOnlyForDeploymentPostprocessing = 0;
		};
/* End PBXSourcesBuildPhase section */

/* Begin PBXTargetDependency section */
		AD750BBB226FEF8200140400 /* PBXTargetDependency */ = {
			isa = PBXTargetDependency;
			target = AD750BA4226FEF8000140400 /* Perfilometro */;
			targetProxy = AD750BBA226FEF8200140400 /* PBXContainerItemProxy */;
		};
		AD750BC6226FEF8200140400 /* PBXTargetDependency */ = {
			isa = PBXTargetDependency;
			target = AD750BA4226FEF8000140400 /* Perfilometro */;
			targetProxy = AD750BC5226FEF8200140400 /* PBXContainerItemProxy */;
		};
/* End PBXTargetDependency section */

/* Begin PBXVariantGroup section */
		D445D0602295DE33007960E8 /* LaunchScreen.storyboard */ = {
			isa = PBXVariantGroup;
			children = (
				D445D0612295DE33007960E8 /* Base */,
			);
			name = LaunchScreen.storyboard;
			sourceTree = "<group>";
		};
/* End PBXVariantGroup section */

/* Begin XCBuildConfiguration section */
		AD750BCB226FEF8200140400 /* Debug */ = {
			isa = XCBuildConfiguration;
			buildSettings = {
				ALWAYS_SEARCH_USER_PATHS = NO;
				CLANG_ANALYZER_NONNULL = YES;
				CLANG_ANALYZER_NUMBER_OBJECT_CONVERSION = YES_AGGRESSIVE;
				CLANG_CXX_LANGUAGE_STANDARD = "gnu++14";
				CLANG_CXX_LIBRARY = "libc++";
				CLANG_ENABLE_MODULES = YES;
				CLANG_ENABLE_OBJC_ARC = YES;
				CLANG_ENABLE_OBJC_WEAK = YES;
				CLANG_WARN_BLOCK_CAPTURE_AUTORELEASING = YES;
				CLANG_WARN_BOOL_CONVERSION = YES;
				CLANG_WARN_COMMA = YES;
				CLANG_WARN_CONSTANT_CONVERSION = YES;
				CLANG_WARN_DEPRECATED_OBJC_IMPLEMENTATIONS = YES;
				CLANG_WARN_DIRECT_OBJC_ISA_USAGE = YES_ERROR;
				CLANG_WARN_DOCUMENTATION_COMMENTS = YES;
				CLANG_WARN_EMPTY_BODY = YES;
				CLANG_WARN_ENUM_CONVERSION = YES;
				CLANG_WARN_INFINITE_RECURSION = YES;
				CLANG_WARN_INT_CONVERSION = YES;
				CLANG_WARN_NON_LITERAL_NULL_CONVERSION = YES;
				CLANG_WARN_OBJC_IMPLICIT_RETAIN_SELF = YES;
				CLANG_WARN_OBJC_LITERAL_CONVERSION = YES;
				CLANG_WARN_OBJC_ROOT_CLASS = YES_ERROR;
				CLANG_WARN_RANGE_LOOP_ANALYSIS = YES;
				CLANG_WARN_STRICT_PROTOTYPES = YES;
				CLANG_WARN_SUSPICIOUS_MOVE = YES;
				CLANG_WARN_UNGUARDED_AVAILABILITY = YES_AGGRESSIVE;
				CLANG_WARN_UNREACHABLE_CODE = YES;
				CLANG_WARN__DUPLICATE_METHOD_MATCH = YES;
				CODE_SIGN_IDENTITY = "iPhone Developer";
				COPY_PHASE_STRIP = NO;
				DEBUG_INFORMATION_FORMAT = dwarf;
				ENABLE_STRICT_OBJC_MSGSEND = YES;
				ENABLE_TESTABILITY = YES;
				GCC_C_LANGUAGE_STANDARD = gnu11;
				GCC_DYNAMIC_NO_PIC = NO;
				GCC_NO_COMMON_BLOCKS = YES;
				GCC_OPTIMIZATION_LEVEL = 0;
				GCC_PREPROCESSOR_DEFINITIONS = (
					"DEBUG=1",
					"$(inherited)",
				);
				GCC_WARN_64_TO_32_BIT_CONVERSION = YES;
				GCC_WARN_ABOUT_RETURN_TYPE = YES_ERROR;
				GCC_WARN_UNDECLARED_SELECTOR = YES;
				GCC_WARN_UNINITIALIZED_AUTOS = YES_AGGRESSIVE;
				GCC_WARN_UNUSED_FUNCTION = YES;
				GCC_WARN_UNUSED_VARIABLE = YES;
				IPHONEOS_DEPLOYMENT_TARGET = 12.2;
				MTL_ENABLE_DEBUG_INFO = INCLUDE_SOURCE;
				MTL_FAST_MATH = YES;
				ONLY_ACTIVE_ARCH = YES;
				SDKROOT = iphoneos;
				SWIFT_ACTIVE_COMPILATION_CONDITIONS = DEBUG;
				SWIFT_OPTIMIZATION_LEVEL = "-Onone";
			};
			name = Debug;
		};
		AD750BCC226FEF8200140400 /* Release */ = {
			isa = XCBuildConfiguration;
			buildSettings = {
				ALWAYS_SEARCH_USER_PATHS = NO;
				CLANG_ANALYZER_NONNULL = YES;
				CLANG_ANALYZER_NUMBER_OBJECT_CONVERSION = YES_AGGRESSIVE;
				CLANG_CXX_LANGUAGE_STANDARD = "gnu++14";
				CLANG_CXX_LIBRARY = "libc++";
				CLANG_ENABLE_MODULES = YES;
				CLANG_ENABLE_OBJC_ARC = YES;
				CLANG_ENABLE_OBJC_WEAK = YES;
				CLANG_WARN_BLOCK_CAPTURE_AUTORELEASING = YES;
				CLANG_WARN_BOOL_CONVERSION = YES;
				CLANG_WARN_COMMA = YES;
				CLANG_WARN_CONSTANT_CONVERSION = YES;
				CLANG_WARN_DEPRECATED_OBJC_IMPLEMENTATIONS = YES;
				CLANG_WARN_DIRECT_OBJC_ISA_USAGE = YES_ERROR;
				CLANG_WARN_DOCUMENTATION_COMMENTS = YES;
				CLANG_WARN_EMPTY_BODY = YES;
				CLANG_WARN_ENUM_CONVERSION = YES;
				CLANG_WARN_INFINITE_RECURSION = YES;
				CLANG_WARN_INT_CONVERSION = YES;
				CLANG_WARN_NON_LITERAL_NULL_CONVERSION = YES;
				CLANG_WARN_OBJC_IMPLICIT_RETAIN_SELF = YES;
				CLANG_WARN_OBJC_LITERAL_CONVERSION = YES;
				CLANG_WARN_OBJC_ROOT_CLASS = YES_ERROR;
				CLANG_WARN_RANGE_LOOP_ANALYSIS = YES;
				CLANG_WARN_STRICT_PROTOTYPES = YES;
				CLANG_WARN_SUSPICIOUS_MOVE = YES;
				CLANG_WARN_UNGUARDED_AVAILABILITY = YES_AGGRESSIVE;
				CLANG_WARN_UNREACHABLE_CODE = YES;
				CLANG_WARN__DUPLICATE_METHOD_MATCH = YES;
				CODE_SIGN_IDENTITY = "iPhone Developer";
				COPY_PHASE_STRIP = NO;
				DEBUG_INFORMATION_FORMAT = "dwarf-with-dsym";
				ENABLE_NS_ASSERTIONS = NO;
				ENABLE_STRICT_OBJC_MSGSEND = YES;
				GCC_C_LANGUAGE_STANDARD = gnu11;
				GCC_NO_COMMON_BLOCKS = YES;
				GCC_WARN_64_TO_32_BIT_CONVERSION = YES;
				GCC_WARN_ABOUT_RETURN_TYPE = YES_ERROR;
				GCC_WARN_UNDECLARED_SELECTOR = YES;
				GCC_WARN_UNINITIALIZED_AUTOS = YES_AGGRESSIVE;
				GCC_WARN_UNUSED_FUNCTION = YES;
				GCC_WARN_UNUSED_VARIABLE = YES;
				IPHONEOS_DEPLOYMENT_TARGET = 12.2;
				MTL_ENABLE_DEBUG_INFO = NO;
				MTL_FAST_MATH = YES;
				SDKROOT = iphoneos;
				SWIFT_COMPILATION_MODE = wholemodule;
				SWIFT_OPTIMIZATION_LEVEL = "-O";
				VALIDATE_PRODUCT = YES;
			};
			name = Release;
		};
		AD750BCE226FEF8200140400 /* Debug */ = {
			isa = XCBuildConfiguration;
			buildSettings = {
				ASSETCATALOG_COMPILER_APPICON_NAME = AppIcon;
				CODE_SIGN_STYLE = Automatic;
				DEVELOPMENT_TEAM = 7CN8A9X5L6;
				INFOPLIST_FILE = Perfilometro/Info.plist;
				IPHONEOS_DEPLOYMENT_TARGET = 12.1;
				LD_RUNPATH_SEARCH_PATHS = (
					"$(inherited)",
					"@executable_path/Frameworks",
				);
				PRODUCT_BUNDLE_IDENTIFIER = com.peperro.Perfilometro;
				PRODUCT_NAME = "$(TARGET_NAME)";
				SWIFT_VERSION = 4.2;
				TARGETED_DEVICE_FAMILY = "1,2";
			};
			name = Debug;
		};
		AD750BCF226FEF8200140400 /* Release */ = {
			isa = XCBuildConfiguration;
			buildSettings = {
				ASSETCATALOG_COMPILER_APPICON_NAME = AppIcon;
				CODE_SIGN_STYLE = Automatic;
				DEVELOPMENT_TEAM = 7CN8A9X5L6;
				INFOPLIST_FILE = Perfilometro/Info.plist;
				IPHONEOS_DEPLOYMENT_TARGET = 12.1;
				LD_RUNPATH_SEARCH_PATHS = (
					"$(inherited)",
					"@executable_path/Frameworks",
				);
				PRODUCT_BUNDLE_IDENTIFIER = com.peperro.Perfilometro;
				PRODUCT_NAME = "$(TARGET_NAME)";
				SWIFT_VERSION = 4.2;
				TARGETED_DEVICE_FAMILY = "1,2";
			};
			name = Release;
		};
		AD750BD1226FEF8200140400 /* Debug */ = {
			isa = XCBuildConfiguration;
			buildSettings = {
				ALWAYS_EMBED_SWIFT_STANDARD_LIBRARIES = YES;
				BUNDLE_LOADER = "$(TEST_HOST)";
				CODE_SIGN_STYLE = Automatic;
				DEVELOPMENT_TEAM = 9WNM2GU386;
				INFOPLIST_FILE = PerfilometroTests/Info.plist;
				IPHONEOS_DEPLOYMENT_TARGET = 12.1;
				LD_RUNPATH_SEARCH_PATHS = (
					"$(inherited)",
					"@executable_path/Frameworks",
					"@loader_path/Frameworks",
				);
				PRODUCT_BUNDLE_IDENTIFIER = com.peperro.PerfilometroTests;
				PRODUCT_NAME = "$(TARGET_NAME)";
				SWIFT_VERSION = 4.2;
				TARGETED_DEVICE_FAMILY = "1,2";
				TEST_HOST = "$(BUILT_PRODUCTS_DIR)/Perfilometro.app/Perfilometro";
			};
			name = Debug;
		};
		AD750BD2226FEF8200140400 /* Release */ = {
			isa = XCBuildConfiguration;
			buildSettings = {
				ALWAYS_EMBED_SWIFT_STANDARD_LIBRARIES = YES;
				BUNDLE_LOADER = "$(TEST_HOST)";
				CODE_SIGN_STYLE = Automatic;
				DEVELOPMENT_TEAM = 9WNM2GU386;
				INFOPLIST_FILE = PerfilometroTests/Info.plist;
				IPHONEOS_DEPLOYMENT_TARGET = 12.1;
				LD_RUNPATH_SEARCH_PATHS = (
					"$(inherited)",
					"@executable_path/Frameworks",
					"@loader_path/Frameworks",
				);
				PRODUCT_BUNDLE_IDENTIFIER = com.peperro.PerfilometroTests;
				PRODUCT_NAME = "$(TARGET_NAME)";
				SWIFT_VERSION = 4.2;
				TARGETED_DEVICE_FAMILY = "1,2";
				TEST_HOST = "$(BUILT_PRODUCTS_DIR)/Perfilometro.app/Perfilometro";
			};
			name = Release;
		};
		AD750BD4226FEF8200140400 /* Debug */ = {
			isa = XCBuildConfiguration;
			buildSettings = {
				ALWAYS_EMBED_SWIFT_STANDARD_LIBRARIES = YES;
				CODE_SIGN_STYLE = Automatic;
				DEVELOPMENT_TEAM = 9WNM2GU386;
				INFOPLIST_FILE = PerfilometroUITests/Info.plist;
				IPHONEOS_DEPLOYMENT_TARGET = 12.1;
				LD_RUNPATH_SEARCH_PATHS = (
					"$(inherited)",
					"@executable_path/Frameworks",
					"@loader_path/Frameworks",
				);
				PRODUCT_BUNDLE_IDENTIFIER = com.peperro.PerfilometroUITests;
				PRODUCT_NAME = "$(TARGET_NAME)";
				SWIFT_VERSION = 5.0;
				TARGETED_DEVICE_FAMILY = "1,2";
				TEST_TARGET_NAME = Perfilometro;
			};
			name = Debug;
		};
		AD750BD5226FEF8200140400 /* Release */ = {
			isa = XCBuildConfiguration;
			buildSettings = {
				ALWAYS_EMBED_SWIFT_STANDARD_LIBRARIES = YES;
				CODE_SIGN_STYLE = Automatic;
				DEVELOPMENT_TEAM = 9WNM2GU386;
				INFOPLIST_FILE = PerfilometroUITests/Info.plist;
				IPHONEOS_DEPLOYMENT_TARGET = 12.1;
				LD_RUNPATH_SEARCH_PATHS = (
					"$(inherited)",
					"@executable_path/Frameworks",
					"@loader_path/Frameworks",
				);
				PRODUCT_BUNDLE_IDENTIFIER = com.peperro.PerfilometroUITests;
				PRODUCT_NAME = "$(TARGET_NAME)";
				SWIFT_VERSION = 5.0;
				TARGETED_DEVICE_FAMILY = "1,2";
				TEST_TARGET_NAME = Perfilometro;
			};
			name = Release;
		};
/* End XCBuildConfiguration section */

/* Begin XCConfigurationList section */
		AD750BA0226FEF8000140400 /* Build configuration list for PBXProject "Perfilometro" */ = {
			isa = XCConfigurationList;
			buildConfigurations = (
				AD750BCB226FEF8200140400 /* Debug */,
				AD750BCC226FEF8200140400 /* Release */,
			);
			defaultConfigurationIsVisible = 0;
			defaultConfigurationName = Release;
		};
		AD750BCD226FEF8200140400 /* Build configuration list for PBXNativeTarget "Perfilometro" */ = {
			isa = XCConfigurationList;
			buildConfigurations = (
				AD750BCE226FEF8200140400 /* Debug */,
				AD750BCF226FEF8200140400 /* Release */,
			);
			defaultConfigurationIsVisible = 0;
			defaultConfigurationName = Release;
		};
		AD750BD0226FEF8200140400 /* Build configuration list for PBXNativeTarget "PerfilometroTests" */ = {
			isa = XCConfigurationList;
			buildConfigurations = (
				AD750BD1226FEF8200140400 /* Debug */,
				AD750BD2226FEF8200140400 /* Release */,
			);
			defaultConfigurationIsVisible = 0;
			defaultConfigurationName = Release;
		};
		AD750BD3226FEF8200140400 /* Build configuration list for PBXNativeTarget "PerfilometroUITests" */ = {
			isa = XCConfigurationList;
			buildConfigurations = (
				AD750BD4226FEF8200140400 /* Debug */,
				AD750BD5226FEF8200140400 /* Release */,
			);
			defaultConfigurationIsVisible = 0;
			defaultConfigurationName = Release;
		};
/* End XCConfigurationList section */
	};
	rootObject = AD750B9D226FEF8000140400 /* Project object */;
}
